<?xml version="1.0" encoding="utf-8"?>
<Project ToolsVersion="4.0" xmlns="http://schemas.microsoft.com/developer/msbuild/2003">
  <ItemGroup>
    <Filter Include="sample">
      <UniqueIdentifier>{4FC737F1-C7A5-4376-A066-2A32D752A2FF}</UniqueIdentifier>
      <Extensions>cpp;c;cc;cxx;def;odl;idl;hpj;bat;asm;asmx</Extensions>
    </Filter>
    <Filter Include="iutest">
      <UniqueIdentifier>{4620684f-ac33-4860-803d-b903779bab01}</UniqueIdentifier>
    </Filter>
    <Filter Include="iutest\internal">
      <UniqueIdentifier>{113cc640-d27c-46f7-8b1b-5e247764778a}</UniqueIdentifier>
    </Filter>
    <Filter Include="iutest\listener">
      <UniqueIdentifier>{becd5b2b-1489-4da0-9cf5-3e7f8947d5c6}</UniqueIdentifier>
    </Filter>
    <Filter Include="iutest\gtest">
      <UniqueIdentifier>{5f00c21a-c0e7-44f1-b949-533f95428b6f}</UniqueIdentifier>
    </Filter>
    <Filter Include="iutest\util">
      <UniqueIdentifier>{a6a07ad7-e0b3-407a-9f56-688181922104}</UniqueIdentifier>
    </Filter>
    <Filter Include="iutest\tr1">
      <UniqueIdentifier>{1f44bbed-2cd5-477a-ad0e-e43ee4428912}</UniqueIdentifier>
    </Filter>
  </ItemGroup>
  <ItemGroup>
    <None Include="Makefile" />
  </ItemGroup>
  <ItemGroup>
    <ClCompile Include="..\..\samples\main.cpp">
      <Filter>sample</Filter>
    </ClCompile>
    <ClCompile Include="..\..\samples\sub.cpp">
      <Filter>sample</Filter>
    </ClCompile>
  </ItemGroup>
  <ItemGroup>
    <ClInclude Include="..\..\include\iutest_result.hpp">
      <Filter>iutest</Filter>
    </ClInclude>
    <ClInclude Include="..\..\include\iutest_spi.hpp">
      <Filter>iutest</Filter>
    </ClInclude>
    <ClInclude Include="..\..\include\iutest_static_assertion.hpp">
      <Filter>iutest</Filter>
    </ClInclude>
    <ClInclude Include="..\..\include\iutest_typed_tests.hpp">
      <Filter>iutest</Filter>
    </ClInclude>
    <ClInclude Include="..\..\include\iutest_util.hpp">
      <Filter>iutest</Filter>
    </ClInclude>
    <ClInclude Include="..\..\include\iutest_ver.hpp">
      <Filter>iutest</Filter>
    </ClInclude>
    <ClInclude Include="..\..\include\iutest.hpp">
      <Filter>iutest</Filter>
    </ClInclude>
    <ClInclude Include="..\..\include\iutest_assertion.hpp">
      <Filter>iutest</Filter>
    </ClInclude>
    <ClInclude Include="..\..\include\iutest_body.hpp">
      <Filter>iutest</Filter>
    </ClInclude>
    <ClInclude Include="..\..\include\iutest_case.hpp">
      <Filter>iutest</Filter>
    </ClInclude>
    <ClInclude Include="..\..\include\iutest_config.hpp">
      <Filter>iutest</Filter>
    </ClInclude>
    <ClInclude Include="..\..\include\iutest_core.hpp">
      <Filter>iutest</Filter>
    </ClInclude>
    <ClInclude Include="..\..\include\iutest_defs.hpp">
      <Filter>iutest</Filter>
    </ClInclude>
    <ClInclude Include="..\..\include\iutest_env.hpp">
      <Filter>iutest</Filter>
    </ClInclude>
    <ClInclude Include="..\..\include\iutest_info.hpp">
      <Filter>iutest</Filter>
    </ClInclude>
    <ClInclude Include="..\..\include\iutest_listener.hpp">
      <Filter>iutest</Filter>
    </ClInclude>
    <ClInclude Include="..\..\include\iutest_param_tests.hpp">
      <Filter>iutest</Filter>
    </ClInclude>
    <ClInclude Include="..\..\include\iutest_pred.hpp">
      <Filter>iutest</Filter>
    </ClInclude>
    <ClInclude Include="..\..\include\iutest_printers.hpp">
      <Filter>iutest</Filter>
    </ClInclude>
    <ClInclude Include="..\..\include\iutest_prod.hpp">
      <Filter>iutest</Filter>
    </ClInclude>
    <ClInclude Include="..\..\include\gtest\iutest_assertion_only.hpp">
      <Filter>iutest\gtest</Filter>
    </ClInclude>
    <ClInclude Include="..\..\include\gtest\iutest_gtest_ver.hpp">
      <Filter>iutest\gtest</Filter>
    </ClInclude>
    <ClInclude Include="..\..\include\gtest\iutest_spi_switch.hpp">
      <Filter>iutest\gtest</Filter>
    </ClInclude>
    <ClInclude Include="..\..\include\gtest\iutest_switch.hpp">
      <Filter>iutest\gtest</Filter>
    </ClInclude>
    <ClInclude Include="..\..\include\internal\iutest_charcode.hpp">
      <Filter>iutest\internal</Filter>
    </ClInclude>
    <ClInclude Include="..\..\include\internal\iutest_compiler.hpp">
      <Filter>iutest\internal</Filter>
    </ClInclude>
    <ClInclude Include="..\..\include\internal\iutest_console.hpp">
      <Filter>iutest\internal</Filter>
    </ClInclude>
    <ClInclude Include="..\..\include\internal\iutest_constant.hpp">
      <Filter>iutest\internal</Filter>
    </ClInclude>
    <ClInclude Include="..\..\include\internal\iutest_core_impl.hpp">
      <Filter>iutest\internal</Filter>
    </ClInclude>
    <ClInclude Include="..\..\include\internal\iutest_debug.hpp">
      <Filter>iutest\internal</Filter>
    </ClInclude>
    <ClInclude Include="..\..\include\internal\iutest_exception.hpp">
      <Filter>iutest\internal</Filter>
    </ClInclude>
    <ClInclude Include="..\..\include\internal\iutest_factory.hpp">
      <Filter>iutest\internal</Filter>
    </ClInclude>
    <ClInclude Include="..\..\include\internal\iutest_file.hpp">
      <Filter>iutest\internal</Filter>
    </ClInclude>
    <ClInclude Include="..\..\include\internal\iutest_filepath.hpp">
      <Filter>iutest\internal</Filter>
    </ClInclude>
    <ClInclude Include="..\..\include\internal\iutest_genparams.hpp">
      <Filter>iutest\internal</Filter>
    </ClInclude>
    <ClInclude Include="..\..\include\internal\iutest_internal.hpp">
      <Filter>iutest\internal</Filter>
    </ClInclude>
    <ClInclude Include="..\..\include\internal\iutest_internal_defs.hpp">
      <Filter>iutest\internal</Filter>
    </ClInclude>
    <ClInclude Include="..\..\include\internal\iutest_list.hpp">
      <Filter>iutest\internal</Filter>
    </ClInclude>
    <ClInclude Include="..\..\include\internal\iutest_mediator.hpp">
      <Filter>iutest\internal</Filter>
    </ClInclude>
    <ClInclude Include="..\..\include\internal\iutest_message.hpp">
      <Filter>iutest\internal</Filter>
    </ClInclude>
    <ClInclude Include="..\..\include\internal\iutest_option_message.hpp">
      <Filter>iutest\internal</Filter>
    </ClInclude>
    <ClInclude Include="..\..\include\internal\iutest_params_util.hpp">
      <Filter>iutest\internal</Filter>
    </ClInclude>
    <ClInclude Include="..\..\include\internal\iutest_pool.hpp">
      <Filter>iutest\internal</Filter>
    </ClInclude>
    <ClInclude Include="..\..\include\internal\iutest_port.hpp">
      <Filter>iutest\internal</Filter>
    </ClInclude>
    <ClInclude Include="..\..\include\internal\iutest_pp.hpp">
      <Filter>iutest\internal</Filter>
    </ClInclude>
    <ClInclude Include="..\..\include\internal\iutest_pragma.hpp">
      <Filter>iutest\internal</Filter>
    </ClInclude>
    <ClInclude Include="..\..\include\internal\iutest_random.hpp">
      <Filter>iutest\internal</Filter>
    </ClInclude>
    <ClInclude Include="..\..\include\internal\iutest_regex.hpp">
      <Filter>iutest\internal</Filter>
    </ClInclude>
    <ClInclude Include="..\..\include\internal\iutest_result_reporter.hpp">
      <Filter>iutest\internal</Filter>
    </ClInclude>
    <ClInclude Include="..\..\include\internal\iutest_stdlib.hpp">
      <Filter>iutest\internal</Filter>
    </ClInclude>
    <ClInclude Include="..\..\include\internal\iutest_stream.hpp">
      <Filter>iutest\internal</Filter>
    </ClInclude>
    <ClInclude Include="..\..\include\internal\iutest_string.hpp">
      <Filter>iutest\internal</Filter>
    </ClInclude>
    <ClInclude Include="..\..\include\internal\iutest_template_util_defs.hpp">
      <Filter>iutest\internal</Filter>
    </ClInclude>
    <ClInclude Include="..\..\include\internal\iutest_template_util_undef.hpp">
      <Filter>iutest\internal</Filter>
    </ClInclude>
    <ClInclude Include="..\..\include\internal\iutest_time.hpp">
      <Filter>iutest\internal</Filter>
    </ClInclude>
    <ClInclude Include="..\..\include\internal\iutest_tuple.hpp">
      <Filter>iutest\internal</Filter>
    </ClInclude>
    <ClInclude Include="..\..\include\internal\iutest_typed_util.hpp">
      <Filter>iutest\internal</Filter>
    </ClInclude>
    <ClInclude Include="..\..\include\internal\iutest_typelist.hpp">
      <Filter>iutest\internal</Filter>
    </ClInclude>
    <ClInclude Include="..\..\include\internal\iutest_type_traits.hpp">
      <Filter>iutest\internal</Filter>
    </ClInclude>
    <ClInclude Include="..\..\include\listener\iutest_default_printer.hpp">
      <Filter>iutest\listener</Filter>
    </ClInclude>
    <ClInclude Include="..\..\include\listener\iutest_default_xml_generator.hpp">
      <Filter>iutest\listener</Filter>
    </ClInclude>
    <ClInclude Include="..\..\include\listener\iutest_tap_printer.hpp">
      <Filter>iutest\listener</Filter>
    </ClInclude>
    <ClInclude Include="..\..\include\tr1\iutest_value_tmp_tests.hpp">
      <Filter>iutest\tr1</Filter>
    </ClInclude>
    <ClInclude Include="..\..\include\tr1\iutest_vc_unittest.hpp">
      <Filter>iutest\tr1</Filter>
    </ClInclude>
    <ClInclude Include="..\..\include\util\iutest_util_assertion.hpp">
      <Filter>iutest\util</Filter>
    </ClInclude>
    <ClInclude Include="..\..\include\util\iutest_util_output.hpp">
      <Filter>iutest\util</Filter>
    </ClInclude>
    <ClInclude Include="..\..\include\util\iutest_util_quiet_result_printer.hpp">
      <Filter>iutest\util</Filter>
    </ClInclude>
    <ClInclude Include="..\..\include\util\iutest_util_tests.hpp">
      <Filter>iutest\util</Filter>
    </ClInclude>
  </ItemGroup>
</Project>