<?xml version="1.0" encoding="utf-8"?>
<Project ToolsVersion="4.0" xmlns="http://schemas.microsoft.com/developer/msbuild/2003">
  <ItemGroup>
    <Filter Include="src">
      <UniqueIdentifier>{20d472ae-bb2e-4c49-9e13-73e8de1ac7a4}</UniqueIdentifier>
    </Filter>
  </ItemGroup>
  <ItemGroup>
    <ClCompile Include="..\..\samples\main.cpp">
      <Filter>src</Filter>
    </ClCompile>
    <ClCompile Include="..\..\samples\exception.cpp">
      <Filter>src</Filter>
    </ClCompile>
    <ClCompile Include="..\..\samples\fixture.cpp">
      <Filter>src</Filter>
    </ClCompile>
    <ClCompile Include="..\..\samples\japanese.cpp">
      <Filter>src</Filter>
    </ClCompile>
    <ClCompile Include="..\..\samples\assertion.cpp">
      <Filter>src</Filter>
    </ClCompile>
    <ClCompile Include="..\..\samples\disabledtest.cpp">
      <Filter>src</Filter>
    </ClCompile>
    <ClCompile Include="..\..\samples\printto.cpp">
      <Filter>src</Filter>
    </ClCompile>
    <ClCompile Include="..\..\samples\simple.cpp">
      <Filter>src</Filter>
    </ClCompile>
    <ClCompile Include="..\..\samples\typed.cpp">
      <Filter>src</Filter>
    </ClCompile>
    <ClCompile Include="..\..\samples\parameterized.cpp">
      <Filter>src</Filter>
    </ClCompile>
    <ClCompile Include="..\..\samples\matcher.cpp">
      <Filter>src</Filter>
    </ClCompile>
  </ItemGroup>
</Project>
