
Microsoft Visual Studio Solution File, Format Version 12.00
# Visual Studio 14
VisualStudioVersion = 14.0.23107.0
MinimumVisualStudioVersion = 10.0.40219.1
Project("{8BC9CEB8-8B4A-11D0-8D11-00A0C91BC942}") = "iutest_unittest", "iutest_unittest.vcxproj", "{B20BD2D4-96B8-9534-98D1-D159E5804ABB}"
EndProject
Global
	GlobalSection(SolutionConfigurationPlatforms) = preSolution
		Debug_gtest|Win32 = Debug_gtest|Win32
		Debug|Win32 = Debug|Win32
		Release|Win32 = Release|Win32
	EndGlobalSection
	GlobalSection(ProjectConfigurationPlatforms) = postSolution
		{B20BD2D4-96B8-9534-98D1-D159E5804ABB}.Debug_gtest|Win32.ActiveCfg = Debug_gtest|Win32
		{B20BD2D4-96B8-9534-98D1-D159E5804ABB}.Debug_gtest|Win32.Build.0 = Debug_gtest|Win32
		{B20BD2D4-96B8-9534-98D1-D159E5804ABB}.Debug|Win32.ActiveCfg = Debug|Win32
		{B20BD2D4-96B8-9534-98D1-D159E5804ABB}.Debug|Win32.Build.0 = Debug|Win32
		{B20BD2D4-96B8-9534-98D1-D159E5804ABB}.Release|Win32.ActiveCfg = Release|Win32
		{B20BD2D4-96B8-9534-98D1-D159E5804ABB}.Release|Win32.Build.0 = Release|Win32
	EndGlobalSection
	GlobalSection(SolutionProperties) = preSolution
		HideSolutionNode = FALSE
	EndGlobalSection
EndGlobal
