
Microsoft Visual Studio Solution File, Format Version 12.00
# Visual Studio 2013
VisualStudioVersion = 12.0.40629.0
MinimumVisualStudioVersion = 10.0.40219.1
Project("{8BC9CEB8-8B4A-11D0-8D11-00A0C91BC942}") = "iutest_sample", "iutest_sample.vcxproj", "{13851977-F039-448D-A853-A98325BDA088}"
	ProjectSection(ProjectDependencies) = postProject
		{264A677C-4EA1-4898-94F2-D6352788FB36} = {264A677C-4EA1-4898-94F2-D6352788FB36}
		{C46DA5A4-27B5-4A0C-97D0-F5D0B9881087} = {C46DA5A4-27B5-4A0C-97D0-F5D0B9881087}
	EndProjectSection
EndProject
Project("{8BC9CEB8-8B4A-11D0-8D11-00A0C91BC942}") = "gtest1", "gtest\gtest1\gtest1.vcxproj", "{AC9366E1-054F-4CB1-AE5A-555D6011526A}"
	ProjectSection(ProjectDependencies) = postProject
		{264A677C-4EA1-4898-94F2-D6352788FB36} = {264A677C-4EA1-4898-94F2-D6352788FB36}
		{C46DA5A4-27B5-4A0C-97D0-F5D0B9881087} = {C46DA5A4-27B5-4A0C-97D0-F5D0B9881087}
	EndProjectSection
EndProject
Project("{8BC9CEB8-8B4A-11D0-8D11-00A0C91BC942}") = "gtest2", "gtest\gtest2\gtest2.vcxproj", "{24A48412-EBF3-4C58-9BF9-71A5F6E3BD3E}"
	ProjectSection(ProjectDependencies) = postProject
		{264A677C-4EA1-4898-94F2-D6352788FB36} = {264A677C-4EA1-4898-94F2-D6352788FB36}
		{C46DA5A4-27B5-4A0C-97D0-F5D0B9881087} = {C46DA5A4-27B5-4A0C-97D0-F5D0B9881087}
	EndProjectSection
EndProject
Project("{8BC9CEB8-8B4A-11D0-8D11-00A0C91BC942}") = "gtest3", "gtest\gtest3\gtest3.vcxproj", "{D75E9937-515B-4AA1-A737-E46A470EDA46}"
	ProjectSection(ProjectDependencies) = postProject
		{264A677C-4EA1-4898-94F2-D6352788FB36} = {264A677C-4EA1-4898-94F2-D6352788FB36}
		{C46DA5A4-27B5-4A0C-97D0-F5D0B9881087} = {C46DA5A4-27B5-4A0C-97D0-F5D0B9881087}
	EndProjectSection
EndProject
Project("{8BC9CEB8-8B4A-11D0-8D11-00A0C91BC942}") = "gtest4", "gtest\gtest4\gtest4.vcxproj", "{323B6D46-73DD-406D-AE4A-B97DB7EB0B7F}"
	ProjectSection(ProjectDependencies) = postProject
		{264A677C-4EA1-4898-94F2-D6352788FB36} = {264A677C-4EA1-4898-94F2-D6352788FB36}
		{C46DA5A4-27B5-4A0C-97D0-F5D0B9881087} = {C46DA5A4-27B5-4A0C-97D0-F5D0B9881087}
	EndProjectSection
EndProject
Project("{8BC9CEB8-8B4A-11D0-8D11-00A0C91BC942}") = "gtest5", "gtest\gtest5\gtest5.vcxproj", "{D608CFE8-69D1-4300-9ED3-96CE24A010DC}"
	ProjectSection(ProjectDependencies) = postProject
		{264A677C-4EA1-4898-94F2-D6352788FB36} = {264A677C-4EA1-4898-94F2-D6352788FB36}
		{C46DA5A4-27B5-4A0C-97D0-F5D0B9881087} = {C46DA5A4-27B5-4A0C-97D0-F5D0B9881087}
	EndProjectSection
EndProject
Project("{8BC9CEB8-8B4A-11D0-8D11-00A0C91BC942}") = "gtest6", "gtest\gtest6\gtest6.vcxproj", "{DD940A43-1C57-458D-BBF6-56D8A9B143B2}"
	ProjectSection(ProjectDependencies) = postProject
		{264A677C-4EA1-4898-94F2-D6352788FB36} = {264A677C-4EA1-4898-94F2-D6352788FB36}
		{C46DA5A4-27B5-4A0C-97D0-F5D0B9881087} = {C46DA5A4-27B5-4A0C-97D0-F5D0B9881087}
	EndProjectSection
EndProject
Project("{8BC9CEB8-8B4A-11D0-8D11-00A0C91BC942}") = "gtest7", "gtest\gtest7\gtest7.vcxproj", "{DF3D61A3-C8E8-4D1E-8417-FB4A91946FAC}"
	ProjectSection(ProjectDependencies) = postProject
		{264A677C-4EA1-4898-94F2-D6352788FB36} = {264A677C-4EA1-4898-94F2-D6352788FB36}
		{C46DA5A4-27B5-4A0C-97D0-F5D0B9881087} = {C46DA5A4-27B5-4A0C-97D0-F5D0B9881087}
	EndProjectSection
EndProject
Project("{8BC9CEB8-8B4A-11D0-8D11-00A0C91BC942}") = "gtest8", "gtest\gtest8\gtest8.vcxproj", "{F70B9DD1-B2F1-4A9B-BA9D-99220DCBB184}"
	ProjectSection(ProjectDependencies) = postProject
		{264A677C-4EA1-4898-94F2-D6352788FB36} = {264A677C-4EA1-4898-94F2-D6352788FB36}
		{C46DA5A4-27B5-4A0C-97D0-F5D0B9881087} = {C46DA5A4-27B5-4A0C-97D0-F5D0B9881087}
	EndProjectSection
EndProject
Project("{8BC9CEB8-8B4A-11D0-8D11-00A0C91BC942}") = "gtest9", "gtest\gtest9\gtest9.vcxproj", "{A6AB264E-E4D3-4019-858E-04522E82FEB1}"
	ProjectSection(ProjectDependencies) = postProject
		{264A677C-4EA1-4898-94F2-D6352788FB36} = {264A677C-4EA1-4898-94F2-D6352788FB36}
		{C46DA5A4-27B5-4A0C-97D0-F5D0B9881087} = {C46DA5A4-27B5-4A0C-97D0-F5D0B9881087}
	EndProjectSection
EndProject
Project("{8BC9CEB8-8B4A-11D0-8D11-00A0C91BC942}") = "gtest10", "gtest\gtest10\gtest10.vcxproj", "{5BCC8C50-3FD2-42FE-96EE-6CC1BC33C7A4}"
	ProjectSection(ProjectDependencies) = postProject
		{264A677C-4EA1-4898-94F2-D6352788FB36} = {264A677C-4EA1-4898-94F2-D6352788FB36}
		{C46DA5A4-27B5-4A0C-97D0-F5D0B9881087} = {C46DA5A4-27B5-4A0C-97D0-F5D0B9881087}
	EndProjectSection
EndProject
Project("{8BC9CEB8-8B4A-11D0-8D11-00A0C91BC942}") = "tr1", "tr1\tr1.vcxproj", "{80D795EE-6B3D-4DEF-9084-F3DA618FC294}"
	ProjectSection(ProjectDependencies) = postProject
		{264A677C-4EA1-4898-94F2-D6352788FB36} = {264A677C-4EA1-4898-94F2-D6352788FB36}
		{C46DA5A4-27B5-4A0C-97D0-F5D0B9881087} = {C46DA5A4-27B5-4A0C-97D0-F5D0B9881087}
	EndProjectSection
EndProject
Project("{8BC9CEB8-8B4A-11D0-8D11-00A0C91BC942}") = "iutest", "iutest.vcxproj", "{C46DA5A4-27B5-4A0C-97D0-F5D0B9881087}"
EndProject
Project("{8BC9CEB8-8B4A-11D0-8D11-00A0C91BC942}") = "iutest_main", "iutest_main.vcxproj", "{264A677C-4EA1-4898-94F2-D6352788FB36}"
EndProject
Project("{8BC9CEB8-8B4A-11D0-8D11-00A0C91BC942}") = "iutest_mfc_sample", "mfc\iutest_mfc_sample.vcxproj", "{288EAA97-2940-4454-A6CD-BAE06FE35CDC}"
EndProject
Global
	GlobalSection(SolutionConfigurationPlatforms) = preSolution
		Debug_CTP|Win32 = Debug_CTP|Win32
		Debug_gmock|Win32 = Debug_gmock|Win32
		Debug_gtest|Win32 = Debug_gtest|Win32
		Debug_Lib|Win32 = Debug_Lib|Win32
		Debug_LLVM|Win32 = Debug_LLVM|Win32
		Debug_MD|Win32 = Debug_MD|Win32
		Debug_UNICODE|Win32 = Debug_UNICODE|Win32
		Debug|Win32 = Debug|Win32
		Release_MD|Win32 = Release_MD|Win32
		Release|Win32 = Release|Win32
	EndGlobalSection
	GlobalSection(ProjectConfigurationPlatforms) = postSolution
		{13851977-F039-448D-A853-A98325BDA088}.Debug_CTP|Win32.ActiveCfg = Debug_CTP|Win32
		{13851977-F039-448D-A853-A98325BDA088}.Debug_CTP|Win32.Build.0 = Debug_CTP|Win32
		{13851977-F039-448D-A853-A98325BDA088}.Debug_gmock|Win32.ActiveCfg = Debug_gmock|Win32
		{13851977-F039-448D-A853-A98325BDA088}.Debug_gmock|Win32.Build.0 = Debug_gmock|Win32
		{13851977-F039-448D-A853-A98325BDA088}.Debug_gtest|Win32.ActiveCfg = Debug_gtest|Win32
		{13851977-F039-448D-A853-A98325BDA088}.Debug_gtest|Win32.Build.0 = Debug_gtest|Win32
		{13851977-F039-448D-A853-A98325BDA088}.Debug_Lib|Win32.ActiveCfg = Debug_Lib|Win32
		{13851977-F039-448D-A853-A98325BDA088}.Debug_Lib|Win32.Build.0 = Debug_Lib|Win32
		{13851977-F039-448D-A853-A98325BDA088}.Debug_LLVM|Win32.ActiveCfg = Debug_LLVM|Win32
		{13851977-F039-448D-A853-A98325BDA088}.Debug_LLVM|Win32.Build.0 = Debug_LLVM|Win32
		{13851977-F039-448D-A853-A98325BDA088}.Debug_MD|Win32.ActiveCfg = Debug|Win32
		{13851977-F039-448D-A853-A98325BDA088}.Debug_MD|Win32.Build.0 = Debug|Win32
		{13851977-F039-448D-A853-A98325BDA088}.Debug_UNICODE|Win32.ActiveCfg = Debug_UNICODE|Win32
		{13851977-F039-448D-A853-A98325BDA088}.Debug_UNICODE|Win32.Build.0 = Debug_UNICODE|Win32
		{13851977-F039-448D-A853-A98325BDA088}.Debug|Win32.ActiveCfg = Debug|Win32
		{13851977-F039-448D-A853-A98325BDA088}.Debug|Win32.Build.0 = Debug|Win32
		{13851977-F039-448D-A853-A98325BDA088}.Release_MD|Win32.ActiveCfg = Release|Win32
		{13851977-F039-448D-A853-A98325BDA088}.Release_MD|Win32.Build.0 = Release|Win32
		{13851977-F039-448D-A853-A98325BDA088}.Release|Win32.ActiveCfg = Release|Win32
		{13851977-F039-448D-A853-A98325BDA088}.Release|Win32.Build.0 = Release|Win32
		{AC9366E1-054F-4CB1-AE5A-555D6011526A}.Debug_CTP|Win32.ActiveCfg = Debug_CTP|Win32
		{AC9366E1-054F-4CB1-AE5A-555D6011526A}.Debug_CTP|Win32.Build.0 = Debug_CTP|Win32
		{AC9366E1-054F-4CB1-AE5A-555D6011526A}.Debug_gmock|Win32.ActiveCfg = Debug_gmock|Win32
		{AC9366E1-054F-4CB1-AE5A-555D6011526A}.Debug_gmock|Win32.Build.0 = Debug_gmock|Win32
		{AC9366E1-054F-4CB1-AE5A-555D6011526A}.Debug_gtest|Win32.ActiveCfg = Debug_gtest|Win32
		{AC9366E1-054F-4CB1-AE5A-555D6011526A}.Debug_gtest|Win32.Build.0 = Debug_gtest|Win32
		{AC9366E1-054F-4CB1-AE5A-555D6011526A}.Debug_Lib|Win32.ActiveCfg = Debug_Lib|Win32
		{AC9366E1-054F-4CB1-AE5A-555D6011526A}.Debug_Lib|Win32.Build.0 = Debug_Lib|Win32
		{AC9366E1-054F-4CB1-AE5A-555D6011526A}.Debug_LLVM|Win32.ActiveCfg = Debug_LLVM|Win32
		{AC9366E1-054F-4CB1-AE5A-555D6011526A}.Debug_LLVM|Win32.Build.0 = Debug_LLVM|Win32
		{AC9366E1-054F-4CB1-AE5A-555D6011526A}.Debug_MD|Win32.ActiveCfg = Debug|Win32
		{AC9366E1-054F-4CB1-AE5A-555D6011526A}.Debug_MD|Win32.Build.0 = Debug|Win32
		{AC9366E1-054F-4CB1-AE5A-555D6011526A}.Debug_UNICODE|Win32.ActiveCfg = Debug|Win32
		{AC9366E1-054F-4CB1-AE5A-555D6011526A}.Debug|Win32.ActiveCfg = Debug|Win32
		{AC9366E1-054F-4CB1-AE5A-555D6011526A}.Debug|Win32.Build.0 = Debug|Win32
		{AC9366E1-054F-4CB1-AE5A-555D6011526A}.Release_MD|Win32.ActiveCfg = Release|Win32
		{AC9366E1-054F-4CB1-AE5A-555D6011526A}.Release_MD|Win32.Build.0 = Release|Win32
		{AC9366E1-054F-4CB1-AE5A-555D6011526A}.Release|Win32.ActiveCfg = Release|Win32
		{AC9366E1-054F-4CB1-AE5A-555D6011526A}.Release|Win32.Build.0 = Release|Win32
		{24A48412-EBF3-4C58-9BF9-71A5F6E3BD3E}.Debug_CTP|Win32.ActiveCfg = Debug_CTP|Win32
		{24A48412-EBF3-4C58-9BF9-71A5F6E3BD3E}.Debug_CTP|Win32.Build.0 = Debug_CTP|Win32
		{24A48412-EBF3-4C58-9BF9-71A5F6E3BD3E}.Debug_gmock|Win32.ActiveCfg = Debug_gmock|Win32
		{24A48412-EBF3-4C58-9BF9-71A5F6E3BD3E}.Debug_gmock|Win32.Build.0 = Debug_gmock|Win32
		{24A48412-EBF3-4C58-9BF9-71A5F6E3BD3E}.Debug_gtest|Win32.ActiveCfg = Debug_gtest|Win32
		{24A48412-EBF3-4C58-9BF9-71A5F6E3BD3E}.Debug_gtest|Win32.Build.0 = Debug_gtest|Win32
		{24A48412-EBF3-4C58-9BF9-71A5F6E3BD3E}.Debug_Lib|Win32.ActiveCfg = Debug_Lib|Win32
		{24A48412-EBF3-4C58-9BF9-71A5F6E3BD3E}.Debug_Lib|Win32.Build.0 = Debug_Lib|Win32
		{24A48412-EBF3-4C58-9BF9-71A5F6E3BD3E}.Debug_LLVM|Win32.ActiveCfg = Debug_LLVM|Win32
		{24A48412-EBF3-4C58-9BF9-71A5F6E3BD3E}.Debug_LLVM|Win32.Build.0 = Debug_LLVM|Win32
		{24A48412-EBF3-4C58-9BF9-71A5F6E3BD3E}.Debug_MD|Win32.ActiveCfg = Debug|Win32
		{24A48412-EBF3-4C58-9BF9-71A5F6E3BD3E}.Debug_MD|Win32.Build.0 = Debug|Win32
		{24A48412-EBF3-4C58-9BF9-71A5F6E3BD3E}.Debug_UNICODE|Win32.ActiveCfg = Debug|Win32
		{24A48412-EBF3-4C58-9BF9-71A5F6E3BD3E}.Debug|Win32.ActiveCfg = Debug|Win32
		{24A48412-EBF3-4C58-9BF9-71A5F6E3BD3E}.Debug|Win32.Build.0 = Debug|Win32
		{24A48412-EBF3-4C58-9BF9-71A5F6E3BD3E}.Release_MD|Win32.ActiveCfg = Release|Win32
		{24A48412-EBF3-4C58-9BF9-71A5F6E3BD3E}.Release_MD|Win32.Build.0 = Release|Win32
		{24A48412-EBF3-4C58-9BF9-71A5F6E3BD3E}.Release|Win32.ActiveCfg = Release|Win32
		{24A48412-EBF3-4C58-9BF9-71A5F6E3BD3E}.Release|Win32.Build.0 = Release|Win32
		{D75E9937-515B-4AA1-A737-E46A470EDA46}.Debug_CTP|Win32.ActiveCfg = Debug_CTP|Win32
		{D75E9937-515B-4AA1-A737-E46A470EDA46}.Debug_CTP|Win32.Build.0 = Debug_CTP|Win32
		{D75E9937-515B-4AA1-A737-E46A470EDA46}.Debug_gmock|Win32.ActiveCfg = Debug_gmock|Win32
		{D75E9937-515B-4AA1-A737-E46A470EDA46}.Debug_gmock|Win32.Build.0 = Debug_gmock|Win32
		{D75E9937-515B-4AA1-A737-E46A470EDA46}.Debug_gtest|Win32.ActiveCfg = Debug_gtest|Win32
		{D75E9937-515B-4AA1-A737-E46A470EDA46}.Debug_gtest|Win32.Build.0 = Debug_gtest|Win32
		{D75E9937-515B-4AA1-A737-E46A470EDA46}.Debug_Lib|Win32.ActiveCfg = Debug_Lib|Win32
		{D75E9937-515B-4AA1-A737-E46A470EDA46}.Debug_Lib|Win32.Build.0 = Debug_Lib|Win32
		{D75E9937-515B-4AA1-A737-E46A470EDA46}.Debug_LLVM|Win32.ActiveCfg = Debug_LLVM|Win32
		{D75E9937-515B-4AA1-A737-E46A470EDA46}.Debug_LLVM|Win32.Build.0 = Debug_LLVM|Win32
		{D75E9937-515B-4AA1-A737-E46A470EDA46}.Debug_MD|Win32.ActiveCfg = Debug|Win32
		{D75E9937-515B-4AA1-A737-E46A470EDA46}.Debug_MD|Win32.Build.0 = Debug|Win32
		{D75E9937-515B-4AA1-A737-E46A470EDA46}.Debug_UNICODE|Win32.ActiveCfg = Debug|Win32
		{D75E9937-515B-4AA1-A737-E46A470EDA46}.Debug|Win32.ActiveCfg = Debug|Win32
		{D75E9937-515B-4AA1-A737-E46A470EDA46}.Debug|Win32.Build.0 = Debug|Win32
		{D75E9937-515B-4AA1-A737-E46A470EDA46}.Release_MD|Win32.ActiveCfg = Release|Win32
		{D75E9937-515B-4AA1-A737-E46A470EDA46}.Release_MD|Win32.Build.0 = Release|Win32
		{D75E9937-515B-4AA1-A737-E46A470EDA46}.Release|Win32.ActiveCfg = Release|Win32
		{D75E9937-515B-4AA1-A737-E46A470EDA46}.Release|Win32.Build.0 = Release|Win32
		{323B6D46-73DD-406D-AE4A-B97DB7EB0B7F}.Debug_CTP|Win32.ActiveCfg = Debug_CTP|Win32
		{323B6D46-73DD-406D-AE4A-B97DB7EB0B7F}.Debug_CTP|Win32.Build.0 = Debug_CTP|Win32
		{323B6D46-73DD-406D-AE4A-B97DB7EB0B7F}.Debug_gmock|Win32.ActiveCfg = Debug_gmock|Win32
		{323B6D46-73DD-406D-AE4A-B97DB7EB0B7F}.Debug_gmock|Win32.Build.0 = Debug_gmock|Win32
		{323B6D46-73DD-406D-AE4A-B97DB7EB0B7F}.Debug_gtest|Win32.ActiveCfg = Debug_gtest|Win32
		{323B6D46-73DD-406D-AE4A-B97DB7EB0B7F}.Debug_gtest|Win32.Build.0 = Debug_gtest|Win32
		{323B6D46-73DD-406D-AE4A-B97DB7EB0B7F}.Debug_Lib|Win32.ActiveCfg = Debug_Lib|Win32
		{323B6D46-73DD-406D-AE4A-B97DB7EB0B7F}.Debug_Lib|Win32.Build.0 = Debug_Lib|Win32
		{323B6D46-73DD-406D-AE4A-B97DB7EB0B7F}.Debug_LLVM|Win32.ActiveCfg = Debug_LLVM|Win32
		{323B6D46-73DD-406D-AE4A-B97DB7EB0B7F}.Debug_LLVM|Win32.Build.0 = Debug_LLVM|Win32
		{323B6D46-73DD-406D-AE4A-B97DB7EB0B7F}.Debug_MD|Win32.ActiveCfg = Debug|Win32
		{323B6D46-73DD-406D-AE4A-B97DB7EB0B7F}.Debug_MD|Win32.Build.0 = Debug|Win32
		{323B6D46-73DD-406D-AE4A-B97DB7EB0B7F}.Debug_UNICODE|Win32.ActiveCfg = Debug|Win32
		{323B6D46-73DD-406D-AE4A-B97DB7EB0B7F}.Debug|Win32.ActiveCfg = Debug|Win32
		{323B6D46-73DD-406D-AE4A-B97DB7EB0B7F}.Debug|Win32.Build.0 = Debug|Win32
		{323B6D46-73DD-406D-AE4A-B97DB7EB0B7F}.Release_MD|Win32.ActiveCfg = Release|Win32
		{323B6D46-73DD-406D-AE4A-B97DB7EB0B7F}.Release_MD|Win32.Build.0 = Release|Win32
		{323B6D46-73DD-406D-AE4A-B97DB7EB0B7F}.Release|Win32.ActiveCfg = Release|Win32
		{323B6D46-73DD-406D-AE4A-B97DB7EB0B7F}.Release|Win32.Build.0 = Release|Win32
		{D608CFE8-69D1-4300-9ED3-96CE24A010DC}.Debug_CTP|Win32.ActiveCfg = Debug_CTP|Win32
		{D608CFE8-69D1-4300-9ED3-96CE24A010DC}.Debug_CTP|Win32.Build.0 = Debug_CTP|Win32
		{D608CFE8-69D1-4300-9ED3-96CE24A010DC}.Debug_gmock|Win32.ActiveCfg = Debug_gmock|Win32
		{D608CFE8-69D1-4300-9ED3-96CE24A010DC}.Debug_gmock|Win32.Build.0 = Debug_gmock|Win32
		{D608CFE8-69D1-4300-9ED3-96CE24A010DC}.Debug_gtest|Win32.ActiveCfg = Debug_gtest|Win32
		{D608CFE8-69D1-4300-9ED3-96CE24A010DC}.Debug_gtest|Win32.Build.0 = Debug_gtest|Win32
		{D608CFE8-69D1-4300-9ED3-96CE24A010DC}.Debug_Lib|Win32.ActiveCfg = Debug_Lib|Win32
		{D608CFE8-69D1-4300-9ED3-96CE24A010DC}.Debug_Lib|Win32.Build.0 = Debug_Lib|Win32
		{D608CFE8-69D1-4300-9ED3-96CE24A010DC}.Debug_LLVM|Win32.ActiveCfg = Debug_LLVM|Win32
		{D608CFE8-69D1-4300-9ED3-96CE24A010DC}.Debug_LLVM|Win32.Build.0 = Debug_LLVM|Win32
		{D608CFE8-69D1-4300-9ED3-96CE24A010DC}.Debug_MD|Win32.ActiveCfg = Debug|Win32
		{D608CFE8-69D1-4300-9ED3-96CE24A010DC}.Debug_MD|Win32.Build.0 = Debug|Win32
		{D608CFE8-69D1-4300-9ED3-96CE24A010DC}.Debug_UNICODE|Win32.ActiveCfg = Debug|Win32
		{D608CFE8-69D1-4300-9ED3-96CE24A010DC}.Debug|Win32.ActiveCfg = Debug|Win32
		{D608CFE8-69D1-4300-9ED3-96CE24A010DC}.Debug|Win32.Build.0 = Debug|Win32
		{D608CFE8-69D1-4300-9ED3-96CE24A010DC}.Release_MD|Win32.ActiveCfg = Release|Win32
		{D608CFE8-69D1-4300-9ED3-96CE24A010DC}.Release_MD|Win32.Build.0 = Release|Win32
		{D608CFE8-69D1-4300-9ED3-96CE24A010DC}.Release|Win32.ActiveCfg = Release|Win32
		{D608CFE8-69D1-4300-9ED3-96CE24A010DC}.Release|Win32.Build.0 = Release|Win32
		{DD940A43-1C57-458D-BBF6-56D8A9B143B2}.Debug_CTP|Win32.ActiveCfg = Debug_CTP|Win32
		{DD940A43-1C57-458D-BBF6-56D8A9B143B2}.Debug_CTP|Win32.Build.0 = Debug_CTP|Win32
		{DD940A43-1C57-458D-BBF6-56D8A9B143B2}.Debug_gmock|Win32.ActiveCfg = Debug_gmock|Win32
		{DD940A43-1C57-458D-BBF6-56D8A9B143B2}.Debug_gmock|Win32.Build.0 = Debug_gmock|Win32
		{DD940A43-1C57-458D-BBF6-56D8A9B143B2}.Debug_gtest|Win32.ActiveCfg = Debug_gtest|Win32
		{DD940A43-1C57-458D-BBF6-56D8A9B143B2}.Debug_gtest|Win32.Build.0 = Debug_gtest|Win32
		{DD940A43-1C57-458D-BBF6-56D8A9B143B2}.Debug_Lib|Win32.ActiveCfg = Debug_Lib|Win32
		{DD940A43-1C57-458D-BBF6-56D8A9B143B2}.Debug_Lib|Win32.Build.0 = Debug_Lib|Win32
		{DD940A43-1C57-458D-BBF6-56D8A9B143B2}.Debug_LLVM|Win32.ActiveCfg = Debug_LLVM|Win32
		{DD940A43-1C57-458D-BBF6-56D8A9B143B2}.Debug_LLVM|Win32.Build.0 = Debug_LLVM|Win32
		{DD940A43-1C57-458D-BBF6-56D8A9B143B2}.Debug_MD|Win32.ActiveCfg = Debug|Win32
		{DD940A43-1C57-458D-BBF6-56D8A9B143B2}.Debug_MD|Win32.Build.0 = Debug|Win32
		{DD940A43-1C57-458D-BBF6-56D8A9B143B2}.Debug_UNICODE|Win32.ActiveCfg = Debug|Win32
		{DD940A43-1C57-458D-BBF6-56D8A9B143B2}.Debug|Win32.ActiveCfg = Debug|Win32
		{DD940A43-1C57-458D-BBF6-56D8A9B143B2}.Debug|Win32.Build.0 = Debug|Win32
		{DD940A43-1C57-458D-BBF6-56D8A9B143B2}.Release_MD|Win32.ActiveCfg = Release|Win32
		{DD940A43-1C57-458D-BBF6-56D8A9B143B2}.Release_MD|Win32.Build.0 = Release|Win32
		{DD940A43-1C57-458D-BBF6-56D8A9B143B2}.Release|Win32.ActiveCfg = Release|Win32
		{DD940A43-1C57-458D-BBF6-56D8A9B143B2}.Release|Win32.Build.0 = Release|Win32
		{DF3D61A3-C8E8-4D1E-8417-FB4A91946FAC}.Debug_CTP|Win32.ActiveCfg = Debug_CTP|Win32
		{DF3D61A3-C8E8-4D1E-8417-FB4A91946FAC}.Debug_CTP|Win32.Build.0 = Debug_CTP|Win32
		{DF3D61A3-C8E8-4D1E-8417-FB4A91946FAC}.Debug_gmock|Win32.ActiveCfg = Debug_gmock|Win32
		{DF3D61A3-C8E8-4D1E-8417-FB4A91946FAC}.Debug_gmock|Win32.Build.0 = Debug_gmock|Win32
		{DF3D61A3-C8E8-4D1E-8417-FB4A91946FAC}.Debug_gtest|Win32.ActiveCfg = Debug_gtest|Win32
		{DF3D61A3-C8E8-4D1E-8417-FB4A91946FAC}.Debug_gtest|Win32.Build.0 = Debug_gtest|Win32
		{DF3D61A3-C8E8-4D1E-8417-FB4A91946FAC}.Debug_Lib|Win32.ActiveCfg = Debug_Lib|Win32
		{DF3D61A3-C8E8-4D1E-8417-FB4A91946FAC}.Debug_Lib|Win32.Build.0 = Debug_Lib|Win32
		{DF3D61A3-C8E8-4D1E-8417-FB4A91946FAC}.Debug_LLVM|Win32.ActiveCfg = Debug_LLVM|Win32
		{DF3D61A3-C8E8-4D1E-8417-FB4A91946FAC}.Debug_LLVM|Win32.Build.0 = Debug_LLVM|Win32
		{DF3D61A3-C8E8-4D1E-8417-FB4A91946FAC}.Debug_MD|Win32.ActiveCfg = Debug|Win32
		{DF3D61A3-C8E8-4D1E-8417-FB4A91946FAC}.Debug_MD|Win32.Build.0 = Debug|Win32
		{DF3D61A3-C8E8-4D1E-8417-FB4A91946FAC}.Debug_UNICODE|Win32.ActiveCfg = Debug|Win32
		{DF3D61A3-C8E8-4D1E-8417-FB4A91946FAC}.Debug|Win32.ActiveCfg = Debug|Win32
		{DF3D61A3-C8E8-4D1E-8417-FB4A91946FAC}.Debug|Win32.Build.0 = Debug|Win32
		{DF3D61A3-C8E8-4D1E-8417-FB4A91946FAC}.Release_MD|Win32.ActiveCfg = Release|Win32
		{DF3D61A3-C8E8-4D1E-8417-FB4A91946FAC}.Release_MD|Win32.Build.0 = Release|Win32
		{DF3D61A3-C8E8-4D1E-8417-FB4A91946FAC}.Release|Win32.ActiveCfg = Release|Win32
		{DF3D61A3-C8E8-4D1E-8417-FB4A91946FAC}.Release|Win32.Build.0 = Release|Win32
		{F70B9DD1-B2F1-4A9B-BA9D-99220DCBB184}.Debug_CTP|Win32.ActiveCfg = Debug_CTP|Win32
		{F70B9DD1-B2F1-4A9B-BA9D-99220DCBB184}.Debug_CTP|Win32.Build.0 = Debug_CTP|Win32
		{F70B9DD1-B2F1-4A9B-BA9D-99220DCBB184}.Debug_gmock|Win32.ActiveCfg = Debug_gmock|Win32
		{F70B9DD1-B2F1-4A9B-BA9D-99220DCBB184}.Debug_gmock|Win32.Build.0 = Debug_gmock|Win32
		{F70B9DD1-B2F1-4A9B-BA9D-99220DCBB184}.Debug_gtest|Win32.ActiveCfg = Debug_gtest|Win32
		{F70B9DD1-B2F1-4A9B-BA9D-99220DCBB184}.Debug_gtest|Win32.Build.0 = Debug_gtest|Win32
		{F70B9DD1-B2F1-4A9B-BA9D-99220DCBB184}.Debug_Lib|Win32.ActiveCfg = Debug_Lib|Win32
		{F70B9DD1-B2F1-4A9B-BA9D-99220DCBB184}.Debug_Lib|Win32.Build.0 = Debug_Lib|Win32
		{F70B9DD1-B2F1-4A9B-BA9D-99220DCBB184}.Debug_LLVM|Win32.ActiveCfg = Debug_LLVM|Win32
		{F70B9DD1-B2F1-4A9B-BA9D-99220DCBB184}.Debug_LLVM|Win32.Build.0 = Debug_LLVM|Win32
		{F70B9DD1-B2F1-4A9B-BA9D-99220DCBB184}.Debug_MD|Win32.ActiveCfg = Debug|Win32
		{F70B9DD1-B2F1-4A9B-BA9D-99220DCBB184}.Debug_MD|Win32.Build.0 = Debug|Win32
		{F70B9DD1-B2F1-4A9B-BA9D-99220DCBB184}.Debug_UNICODE|Win32.ActiveCfg = Debug|Win32
		{F70B9DD1-B2F1-4A9B-BA9D-99220DCBB184}.Debug|Win32.ActiveCfg = Debug|Win32
		{F70B9DD1-B2F1-4A9B-BA9D-99220DCBB184}.Debug|Win32.Build.0 = Debug|Win32
		{F70B9DD1-B2F1-4A9B-BA9D-99220DCBB184}.Release_MD|Win32.ActiveCfg = Release|Win32
		{F70B9DD1-B2F1-4A9B-BA9D-99220DCBB184}.Release_MD|Win32.Build.0 = Release|Win32
		{F70B9DD1-B2F1-4A9B-BA9D-99220DCBB184}.Release|Win32.ActiveCfg = Release|Win32
		{F70B9DD1-B2F1-4A9B-BA9D-99220DCBB184}.Release|Win32.Build.0 = Release|Win32
		{A6AB264E-E4D3-4019-858E-04522E82FEB1}.Debug_CTP|Win32.ActiveCfg = Debug_CTP|Win32
		{A6AB264E-E4D3-4019-858E-04522E82FEB1}.Debug_CTP|Win32.Build.0 = Debug_CTP|Win32
		{A6AB264E-E4D3-4019-858E-04522E82FEB1}.Debug_gmock|Win32.ActiveCfg = Debug_gmock|Win32
		{A6AB264E-E4D3-4019-858E-04522E82FEB1}.Debug_gmock|Win32.Build.0 = Debug_gmock|Win32
		{A6AB264E-E4D3-4019-858E-04522E82FEB1}.Debug_gtest|Win32.ActiveCfg = Debug_gtest|Win32
		{A6AB264E-E4D3-4019-858E-04522E82FEB1}.Debug_gtest|Win32.Build.0 = Debug_gtest|Win32
		{A6AB264E-E4D3-4019-858E-04522E82FEB1}.Debug_Lib|Win32.ActiveCfg = Debug_Lib|Win32
		{A6AB264E-E4D3-4019-858E-04522E82FEB1}.Debug_Lib|Win32.Build.0 = Debug_Lib|Win32
		{A6AB264E-E4D3-4019-858E-04522E82FEB1}.Debug_LLVM|Win32.ActiveCfg = Debug_LLVM|Win32
		{A6AB264E-E4D3-4019-858E-04522E82FEB1}.Debug_LLVM|Win32.Build.0 = Debug_LLVM|Win32
		{A6AB264E-E4D3-4019-858E-04522E82FEB1}.Debug_MD|Win32.ActiveCfg = Debug|Win32
		{A6AB264E-E4D3-4019-858E-04522E82FEB1}.Debug_MD|Win32.Build.0 = Debug|Win32
		{A6AB264E-E4D3-4019-858E-04522E82FEB1}.Debug_UNICODE|Win32.ActiveCfg = Debug|Win32
		{A6AB264E-E4D3-4019-858E-04522E82FEB1}.Debug|Win32.ActiveCfg = Debug|Win32
		{A6AB264E-E4D3-4019-858E-04522E82FEB1}.Debug|Win32.Build.0 = Debug|Win32
		{A6AB264E-E4D3-4019-858E-04522E82FEB1}.Release_MD|Win32.ActiveCfg = Release|Win32
		{A6AB264E-E4D3-4019-858E-04522E82FEB1}.Release_MD|Win32.Build.0 = Release|Win32
		{A6AB264E-E4D3-4019-858E-04522E82FEB1}.Release|Win32.ActiveCfg = Release|Win32
		{A6AB264E-E4D3-4019-858E-04522E82FEB1}.Release|Win32.Build.0 = Release|Win32
		{5BCC8C50-3FD2-42FE-96EE-6CC1BC33C7A4}.Debug_CTP|Win32.ActiveCfg = Debug_CTP|Win32
		{5BCC8C50-3FD2-42FE-96EE-6CC1BC33C7A4}.Debug_CTP|Win32.Build.0 = Debug_CTP|Win32
		{5BCC8C50-3FD2-42FE-96EE-6CC1BC33C7A4}.Debug_gmock|Win32.ActiveCfg = Debug_gmock|Win32
		{5BCC8C50-3FD2-42FE-96EE-6CC1BC33C7A4}.Debug_gmock|Win32.Build.0 = Debug_gmock|Win32
		{5BCC8C50-3FD2-42FE-96EE-6CC1BC33C7A4}.Debug_gtest|Win32.ActiveCfg = Debug_gtest|Win32
		{5BCC8C50-3FD2-42FE-96EE-6CC1BC33C7A4}.Debug_gtest|Win32.Build.0 = Debug_gtest|Win32
		{5BCC8C50-3FD2-42FE-96EE-6CC1BC33C7A4}.Debug_Lib|Win32.ActiveCfg = Debug_Lib|Win32
		{5BCC8C50-3FD2-42FE-96EE-6CC1BC33C7A4}.Debug_Lib|Win32.Build.0 = Debug_Lib|Win32
		{5BCC8C50-3FD2-42FE-96EE-6CC1BC33C7A4}.Debug_LLVM|Win32.ActiveCfg = Debug_LLVM|Win32
		{5BCC8C50-3FD2-42FE-96EE-6CC1BC33C7A4}.Debug_LLVM|Win32.Build.0 = Debug_LLVM|Win32
		{5BCC8C50-3FD2-42FE-96EE-6CC1BC33C7A4}.Debug_MD|Win32.ActiveCfg = Debug|Win32
		{5BCC8C50-3FD2-42FE-96EE-6CC1BC33C7A4}.Debug_MD|Win32.Build.0 = Debug|Win32
		{5BCC8C50-3FD2-42FE-96EE-6CC1BC33C7A4}.Debug_UNICODE|Win32.ActiveCfg = Debug|Win32
		{5BCC8C50-3FD2-42FE-96EE-6CC1BC33C7A4}.Debug|Win32.ActiveCfg = Debug|Win32
		{5BCC8C50-3FD2-42FE-96EE-6CC1BC33C7A4}.Debug|Win32.Build.0 = Debug|Win32
		{5BCC8C50-3FD2-42FE-96EE-6CC1BC33C7A4}.Release_MD|Win32.ActiveCfg = Release|Win32
		{5BCC8C50-3FD2-42FE-96EE-6CC1BC33C7A4}.Release_MD|Win32.Build.0 = Release|Win32
		{5BCC8C50-3FD2-42FE-96EE-6CC1BC33C7A4}.Release|Win32.ActiveCfg = Release|Win32
		{5BCC8C50-3FD2-42FE-96EE-6CC1BC33C7A4}.Release|Win32.Build.0 = Release|Win32
		{80D795EE-6B3D-4DEF-9084-F3DA618FC294}.Debug_CTP|Win32.ActiveCfg = Debug_CTP|Win32
		{80D795EE-6B3D-4DEF-9084-F3DA618FC294}.Debug_CTP|Win32.Build.0 = Debug_CTP|Win32
		{80D795EE-6B3D-4DEF-9084-F3DA618FC294}.Debug_gmock|Win32.ActiveCfg = Debug_gmock|Win32
		{80D795EE-6B3D-4DEF-9084-F3DA618FC294}.Debug_gmock|Win32.Build.0 = Debug_gmock|Win32
		{80D795EE-6B3D-4DEF-9084-F3DA618FC294}.Debug_gtest|Win32.ActiveCfg = Debug_gtest|Win32
		{80D795EE-6B3D-4DEF-9084-F3DA618FC294}.Debug_gtest|Win32.Build.0 = Debug_gtest|Win32
		{80D795EE-6B3D-4DEF-9084-F3DA618FC294}.Debug_Lib|Win32.ActiveCfg = Debug_Lib|Win32
		{80D795EE-6B3D-4DEF-9084-F3DA618FC294}.Debug_Lib|Win32.Build.0 = Debug_Lib|Win32
		{80D795EE-6B3D-4DEF-9084-F3DA618FC294}.Debug_LLVM|Win32.ActiveCfg = Debug_LLVM|Win32
		{80D795EE-6B3D-4DEF-9084-F3DA618FC294}.Debug_LLVM|Win32.Build.0 = Debug_LLVM|Win32
		{80D795EE-6B3D-4DEF-9084-F3DA618FC294}.Debug_MD|Win32.ActiveCfg = Debug|Win32
		{80D795EE-6B3D-4DEF-9084-F3DA618FC294}.Debug_MD|Win32.Build.0 = Debug|Win32
		{80D795EE-6B3D-4DEF-9084-F3DA618FC294}.Debug_UNICODE|Win32.ActiveCfg = Debug|Win32
		{80D795EE-6B3D-4DEF-9084-F3DA618FC294}.Debug|Win32.ActiveCfg = Debug|Win32
		{80D795EE-6B3D-4DEF-9084-F3DA618FC294}.Debug|Win32.Build.0 = Debug|Win32
		{80D795EE-6B3D-4DEF-9084-F3DA618FC294}.Release_MD|Win32.ActiveCfg = Release|Win32
		{80D795EE-6B3D-4DEF-9084-F3DA618FC294}.Release_MD|Win32.Build.0 = Release|Win32
		{80D795EE-6B3D-4DEF-9084-F3DA618FC294}.Release|Win32.ActiveCfg = Release|Win32
		{80D795EE-6B3D-4DEF-9084-F3DA618FC294}.Release|Win32.Build.0 = Release|Win32
		{C46DA5A4-27B5-4A0C-97D0-F5D0B9881087}.Debug_CTP|Win32.ActiveCfg = Debug_CTP|Win32
		{C46DA5A4-27B5-4A0C-97D0-F5D0B9881087}.Debug_CTP|Win32.Build.0 = Debug_CTP|Win32
		{C46DA5A4-27B5-4A0C-97D0-F5D0B9881087}.Debug_gmock|Win32.ActiveCfg = Debug_MD|Win32
		{C46DA5A4-27B5-4A0C-97D0-F5D0B9881087}.Debug_gtest|Win32.ActiveCfg = Debug_MD|Win32
		{C46DA5A4-27B5-4A0C-97D0-F5D0B9881087}.Debug_Lib|Win32.ActiveCfg = Debug_MD|Win32
		{C46DA5A4-27B5-4A0C-97D0-F5D0B9881087}.Debug_Lib|Win32.Build.0 = Debug_MD|Win32
		{C46DA5A4-27B5-4A0C-97D0-F5D0B9881087}.Debug_LLVM|Win32.ActiveCfg = Debug_LLVM|Win32
		{C46DA5A4-27B5-4A0C-97D0-F5D0B9881087}.Debug_LLVM|Win32.Build.0 = Debug_LLVM|Win32
		{C46DA5A4-27B5-4A0C-97D0-F5D0B9881087}.Debug_MD|Win32.ActiveCfg = Debug_MD|Win32
		{C46DA5A4-27B5-4A0C-97D0-F5D0B9881087}.Debug_MD|Win32.Build.0 = Debug_MD|Win32
		{C46DA5A4-27B5-4A0C-97D0-F5D0B9881087}.Debug_UNICODE|Win32.ActiveCfg = Debug_MD|Win32
		{C46DA5A4-27B5-4A0C-97D0-F5D0B9881087}.Debug_UNICODE|Win32.Build.0 = Debug_MD|Win32
		{C46DA5A4-27B5-4A0C-97D0-F5D0B9881087}.Debug|Win32.ActiveCfg = Debug|Win32
		{C46DA5A4-27B5-4A0C-97D0-F5D0B9881087}.Debug|Win32.Build.0 = Debug|Win32
		{C46DA5A4-27B5-4A0C-97D0-F5D0B9881087}.Release_MD|Win32.ActiveCfg = Release_MD|Win32
		{C46DA5A4-27B5-4A0C-97D0-F5D0B9881087}.Release_MD|Win32.Build.0 = Release_MD|Win32
		{C46DA5A4-27B5-4A0C-97D0-F5D0B9881087}.Release|Win32.ActiveCfg = Release|Win32
		{C46DA5A4-27B5-4A0C-97D0-F5D0B9881087}.Release|Win32.Build.0 = Release|Win32
		{264A677C-4EA1-4898-94F2-D6352788FB36}.Debug_CTP|Win32.ActiveCfg = Debug_CTP|Win32
		{264A677C-4EA1-4898-94F2-D6352788FB36}.Debug_CTP|Win32.Build.0 = Debug_CTP|Win32
		{264A677C-4EA1-4898-94F2-D6352788FB36}.Debug_gmock|Win32.ActiveCfg = Debug_MD|Win32
		{264A677C-4EA1-4898-94F2-D6352788FB36}.Debug_gmock|Win32.Build.0 = Debug_MD|Win32
		{264A677C-4EA1-4898-94F2-D6352788FB36}.Debug_gtest|Win32.ActiveCfg = Debug_MD|Win32
		{264A677C-4EA1-4898-94F2-D6352788FB36}.Debug_gtest|Win32.Build.0 = Debug_MD|Win32
		{264A677C-4EA1-4898-94F2-D6352788FB36}.Debug_Lib|Win32.ActiveCfg = Debug_MD|Win32
		{264A677C-4EA1-4898-94F2-D6352788FB36}.Debug_Lib|Win32.Build.0 = Debug_MD|Win32
		{264A677C-4EA1-4898-94F2-D6352788FB36}.Debug_LLVM|Win32.ActiveCfg = Debug_LLVM|Win32
		{264A677C-4EA1-4898-94F2-D6352788FB36}.Debug_LLVM|Win32.Build.0 = Debug_LLVM|Win32
		{264A677C-4EA1-4898-94F2-D6352788FB36}.Debug_MD|Win32.ActiveCfg = Debug_MD|Win32
		{264A677C-4EA1-4898-94F2-D6352788FB36}.Debug_MD|Win32.Build.0 = Debug_MD|Win32
		{264A677C-4EA1-4898-94F2-D6352788FB36}.Debug_UNICODE|Win32.ActiveCfg = Debug_MD|Win32
		{264A677C-4EA1-4898-94F2-D6352788FB36}.Debug_UNICODE|Win32.Build.0 = Debug_MD|Win32
		{264A677C-4EA1-4898-94F2-D6352788FB36}.Debug|Win32.ActiveCfg = Debug|Win32
		{264A677C-4EA1-4898-94F2-D6352788FB36}.Debug|Win32.Build.0 = Debug|Win32
		{264A677C-4EA1-4898-94F2-D6352788FB36}.Release_MD|Win32.ActiveCfg = Release_MD|Win32
		{264A677C-4EA1-4898-94F2-D6352788FB36}.Release_MD|Win32.Build.0 = Release_MD|Win32
		{264A677C-4EA1-4898-94F2-D6352788FB36}.Release|Win32.ActiveCfg = Release|Win32
		{264A677C-4EA1-4898-94F2-D6352788FB36}.Release|Win32.Build.0 = Release|Win32
		{288EAA97-2940-4454-A6CD-BAE06FE35CDC}.Debug_CTP|Win32.ActiveCfg = Debug|Win32
		{288EAA97-2940-4454-A6CD-BAE06FE35CDC}.Debug_CTP|Win32.Build.0 = Debug|Win32
		{288EAA97-2940-4454-A6CD-BAE06FE35CDC}.Debug_gmock|Win32.ActiveCfg = Debug|Win32
		{288EAA97-2940-4454-A6CD-BAE06FE35CDC}.Debug_gmock|Win32.Build.0 = Debug|Win32
		{288EAA97-2940-4454-A6CD-BAE06FE35CDC}.Debug_gtest|Win32.ActiveCfg = Debug|Win32
		{288EAA97-2940-4454-A6CD-BAE06FE35CDC}.Debug_gtest|Win32.Build.0 = Debug|Win32
		{288EAA97-2940-4454-A6CD-BAE06FE35CDC}.Debug_Lib|Win32.ActiveCfg = Debug|Win32
		{288EAA97-2940-4454-A6CD-BAE06FE35CDC}.Debug_Lib|Win32.Build.0 = Debug|Win32
		{288EAA97-2940-4454-A6CD-BAE06FE35CDC}.Debug_LLVM|Win32.ActiveCfg = Debug|Win32
		{288EAA97-2940-4454-A6CD-BAE06FE35CDC}.Debug_LLVM|Win32.Build.0 = Debug|Win32
		{288EAA97-2940-4454-A6CD-BAE06FE35CDC}.Debug_MD|Win32.ActiveCfg = Debug|Win32
		{288EAA97-2940-4454-A6CD-BAE06FE35CDC}.Debug_MD|Win32.Build.0 = Debug|Win32
		{288EAA97-2940-4454-A6CD-BAE06FE35CDC}.Debug_UNICODE|Win32.ActiveCfg = Debug|Win32
		{288EAA97-2940-4454-A6CD-BAE06FE35CDC}.Debug_UNICODE|Win32.Build.0 = Debug|Win32
		{288EAA97-2940-4454-A6CD-BAE06FE35CDC}.Debug|Win32.ActiveCfg = Debug|Win32
		{288EAA97-2940-4454-A6CD-BAE06FE35CDC}.Debug|Win32.Build.0 = Debug|Win32
		{288EAA97-2940-4454-A6CD-BAE06FE35CDC}.Release_MD|Win32.ActiveCfg = Release|Win32
		{288EAA97-2940-4454-A6CD-BAE06FE35CDC}.Release_MD|Win32.Build.0 = Release|Win32
		{288EAA97-2940-4454-A6CD-BAE06FE35CDC}.Release|Win32.ActiveCfg = Release|Win32
		{288EAA97-2940-4454-A6CD-BAE06FE35CDC}.Release|Win32.Build.0 = Release|Win32
	EndGlobalSection
	GlobalSection(SolutionProperties) = preSolution
		HideSolutionNode = FALSE
	EndGlobalSection
EndGlobal
