
Microsoft Visual Studio Solution File, Format Version 12.00
# Visual Studio 2012
Project("{8BC9CEB8-8B4A-11D0-8D11-00A0C91BC942}") = "iutest_doc_check", "iutest_doc_check.vcxproj", "{473A6EAF-9E8D-410F-A595-43FC2E3680FC}"
EndProject
Global
	GlobalSection(SolutionConfigurationPlatforms) = preSolution
		Debug|Win32 = Debug|Win32
		Release|Win32 = Release|Win32
	EndGlobalSection
	GlobalSection(ProjectConfigurationPlatforms) = postSolution
		{473A6EAF-9E8D-410F-A595-43FC2E3680FC}.Debug|Win32.ActiveCfg = Debug|Win32
		{473A6EAF-9E8D-410F-A595-43FC2E3680FC}.Debug|Win32.Build.0 = Debug|Win32
		{473A6EAF-9E8D-410F-A595-43FC2E3680FC}.Release|Win32.ActiveCfg = Release|Win32
		{473A6EAF-9E8D-410F-A595-43FC2E3680FC}.Release|Win32.Build.0 = Release|Win32
	EndGlobalSection
	GlobalSection(SolutionProperties) = preSolution
		HideSolutionNode = FALSE
	EndGlobalSection
EndGlobal
