
Microsoft Visual Studio Solution File, Format Version 11.00
# Visual C++ Express 2010
Project("{8BC9CEB8-8B4A-11D0-8D11-00A0C91BC942}") = "iutest_sample", "iutest_sample.vcxproj", "{13851977-F039-448D-A853-A98325BDA088}"
EndProject
Project("{8BC9CEB8-8B4A-11D0-8D11-00A0C91BC942}") = "gtest1", "gtest\gtest1\gtest1.vcxproj", "{AC9366E1-054F-4CB1-AE5A-555D6011526A}"
EndProject
Project("{8BC9CEB8-8B4A-11D0-8D11-00A0C91BC942}") = "gtest2", "gtest\gtest2\gtest2.vcxproj", "{24A48412-EBF3-4C58-9BF9-71A5F6E3BD3E}"
EndProject
Project("{8BC9CEB8-8B4A-11D0-8D11-00A0C91BC942}") = "gtest3", "gtest\gtest3\gtest3.vcxproj", "{D75E9937-515B-4AA1-A737-E46A470EDA46}"
EndProject
Project("{8BC9CEB8-8B4A-11D0-8D11-00A0C91BC942}") = "gtest4", "gtest\gtest4\gtest4.vcxproj", "{323B6D46-73DD-406D-AE4A-B97DB7EB0B7F}"
EndProject
Project("{8BC9CEB8-8B4A-11D0-8D11-00A0C91BC942}") = "gtest5", "gtest\gtest5\gtest5.vcxproj", "{D608CFE8-69D1-4300-9ED3-96CE24A010DC}"
EndProject
Project("{8BC9CEB8-8B4A-11D0-8D11-00A0C91BC942}") = "gtest6", "gtest\gtest6\gtest6.vcxproj", "{DD940A43-1C57-458D-BBF6-56D8A9B143B2}"
EndProject
Project("{8BC9CEB8-8B4A-11D0-8D11-00A0C91BC942}") = "gtest7", "gtest\gtest7\gtest7.vcxproj", "{DF3D61A3-C8E8-4D1E-8417-FB4A91946FAC}"
EndProject
Project("{8BC9CEB8-8B4A-11D0-8D11-00A0C91BC942}") = "gtest8", "gtest\gtest8\gtest8.vcxproj", "{F70B9DD1-B2F1-4A9B-BA9D-99220DCBB184}"
EndProject
Project("{8BC9CEB8-8B4A-11D0-8D11-00A0C91BC942}") = "gtest9", "gtest\gtest9\gtest9.vcxproj", "{A6AB264E-E4D3-4019-858E-04522E82FEB1}"
EndProject
Project("{8BC9CEB8-8B4A-11D0-8D11-00A0C91BC942}") = "gtest10", "gtest\gtest10\gtest10.vcxproj", "{5BCC8C50-3FD2-42FE-96EE-6CC1BC33C7A4}"
EndProject
Project("{8BC9CEB8-8B4A-11D0-8D11-00A0C91BC942}") = "tr1", "tr1\tr1.vcxproj", "{80D795EE-6B3D-4DEF-9084-F3DA618FC294}"
EndProject
Project("{8BC9CEB8-8B4A-11D0-8D11-00A0C91BC942}") = "iutest", "iutest.vcxproj", "{C46DA5A4-27B5-4A0C-97D0-F5D0B9881087}"
EndProject
Project("{8BC9CEB8-8B4A-11D0-8D11-00A0C91BC942}") = "iutest_main", "iutest_main.vcxproj", "{264A677C-4EA1-4898-94F2-D6352788FB36}"
EndProject
Global
	GlobalSection(SolutionConfigurationPlatforms) = preSolution
		Debug(gtest)|NaCl32 = Debug(gtest)|NaCl32
		Debug(gtest)|NaCl64 = Debug(gtest)|NaCl64
		Debug(gtest)|PPAPI = Debug(gtest)|PPAPI
		Debug(gtest)|Win32 = Debug(gtest)|Win32
		Debug(Lib)|NaCl32 = Debug(Lib)|NaCl32
		Debug(Lib)|NaCl64 = Debug(Lib)|NaCl64
		Debug(Lib)|PPAPI = Debug(Lib)|PPAPI
		Debug(Lib)|Win32 = Debug(Lib)|Win32
		Debug(UNICODE)|NaCl32 = Debug(UNICODE)|NaCl32
		Debug(UNICODE)|NaCl64 = Debug(UNICODE)|NaCl64
		Debug(UNICODE)|PPAPI = Debug(UNICODE)|PPAPI
		Debug(UNICODE)|Win32 = Debug(UNICODE)|Win32
		Debug_MD|NaCl32 = Debug_MD|NaCl32
		Debug_MD|NaCl64 = Debug_MD|NaCl64
		Debug_MD|PPAPI = Debug_MD|PPAPI
		Debug_MD|Win32 = Debug_MD|Win32
		Debug|NaCl32 = Debug|NaCl32
		Debug|NaCl64 = Debug|NaCl64
		Debug|PPAPI = Debug|PPAPI
		Debug|Win32 = Debug|Win32
		Release_MD|NaCl32 = Release_MD|NaCl32
		Release_MD|NaCl64 = Release_MD|NaCl64
		Release_MD|PPAPI = Release_MD|PPAPI
		Release_MD|Win32 = Release_MD|Win32
		Release|NaCl32 = Release|NaCl32
		Release|NaCl64 = Release|NaCl64
		Release|PPAPI = Release|PPAPI
		Release|Win32 = Release|Win32
	EndGlobalSection
	GlobalSection(ProjectConfigurationPlatforms) = postSolution
		{13851977-F039-448D-A853-A98325BDA088}.Debug(gtest)|NaCl32.ActiveCfg = Debug(gtest)|NaCl32
		{13851977-F039-448D-A853-A98325BDA088}.Debug(gtest)|NaCl32.Build.0 = Debug(gtest)|NaCl32
		{13851977-F039-448D-A853-A98325BDA088}.Debug(gtest)|NaCl64.ActiveCfg = Debug(gtest)|NaCl64
		{13851977-F039-448D-A853-A98325BDA088}.Debug(gtest)|NaCl64.Build.0 = Debug(gtest)|NaCl64
		{13851977-F039-448D-A853-A98325BDA088}.Debug(gtest)|PPAPI.ActiveCfg = Debug(UNICODE)|Win32
		{13851977-F039-448D-A853-A98325BDA088}.Debug(gtest)|Win32.ActiveCfg = Debug(gtest)|Win32
		{13851977-F039-448D-A853-A98325BDA088}.Debug(gtest)|Win32.Build.0 = Debug(gtest)|Win32
		{13851977-F039-448D-A853-A98325BDA088}.Debug(Lib)|NaCl32.ActiveCfg = Debug(Lib)|NaCl32
		{13851977-F039-448D-A853-A98325BDA088}.Debug(Lib)|NaCl64.ActiveCfg = Debug(Lib)|NaCl64
		{13851977-F039-448D-A853-A98325BDA088}.Debug(Lib)|PPAPI.ActiveCfg = Debug(Lib)|Win32
		{13851977-F039-448D-A853-A98325BDA088}.Debug(Lib)|Win32.ActiveCfg = Debug(Lib)|Win32
		{13851977-F039-448D-A853-A98325BDA088}.Debug(Lib)|Win32.Build.0 = Debug(Lib)|Win32
		{13851977-F039-448D-A853-A98325BDA088}.Debug(UNICODE)|NaCl32.ActiveCfg = Debug(UNICODE)|NaCl32
		{13851977-F039-448D-A853-A98325BDA088}.Debug(UNICODE)|NaCl32.Build.0 = Debug(UNICODE)|NaCl32
		{13851977-F039-448D-A853-A98325BDA088}.Debug(UNICODE)|NaCl64.ActiveCfg = Debug(UNICODE)|NaCl64
		{13851977-F039-448D-A853-A98325BDA088}.Debug(UNICODE)|NaCl64.Build.0 = Debug(UNICODE)|NaCl64
		{13851977-F039-448D-A853-A98325BDA088}.Debug(UNICODE)|PPAPI.ActiveCfg = Debug(UNICODE)|Win32
		{13851977-F039-448D-A853-A98325BDA088}.Debug(UNICODE)|Win32.ActiveCfg = Debug(UNICODE)|Win32
		{13851977-F039-448D-A853-A98325BDA088}.Debug(UNICODE)|Win32.Build.0 = Debug(UNICODE)|Win32
		{13851977-F039-448D-A853-A98325BDA088}.Debug_MD|NaCl32.ActiveCfg = Debug|Win32
		{13851977-F039-448D-A853-A98325BDA088}.Debug_MD|NaCl64.ActiveCfg = Debug|Win32
		{13851977-F039-448D-A853-A98325BDA088}.Debug_MD|PPAPI.ActiveCfg = Debug|Win32
		{13851977-F039-448D-A853-A98325BDA088}.Debug_MD|Win32.ActiveCfg = Debug|Win32
		{13851977-F039-448D-A853-A98325BDA088}.Debug_MD|Win32.Build.0 = Debug|Win32
		{13851977-F039-448D-A853-A98325BDA088}.Debug|NaCl32.ActiveCfg = Debug|NaCl32
		{13851977-F039-448D-A853-A98325BDA088}.Debug|NaCl32.Build.0 = Debug|NaCl32
		{13851977-F039-448D-A853-A98325BDA088}.Debug|NaCl64.ActiveCfg = Debug|NaCl64
		{13851977-F039-448D-A853-A98325BDA088}.Debug|NaCl64.Build.0 = Debug|NaCl64
		{13851977-F039-448D-A853-A98325BDA088}.Debug|PPAPI.ActiveCfg = Debug|Win32
		{13851977-F039-448D-A853-A98325BDA088}.Debug|Win32.ActiveCfg = Debug|Win32
		{13851977-F039-448D-A853-A98325BDA088}.Debug|Win32.Build.0 = Debug|Win32
		{13851977-F039-448D-A853-A98325BDA088}.Release_MD|NaCl32.ActiveCfg = Release|Win32
		{13851977-F039-448D-A853-A98325BDA088}.Release_MD|NaCl64.ActiveCfg = Release|Win32
		{13851977-F039-448D-A853-A98325BDA088}.Release_MD|PPAPI.ActiveCfg = Release|Win32
		{13851977-F039-448D-A853-A98325BDA088}.Release_MD|Win32.ActiveCfg = Release|Win32
		{13851977-F039-448D-A853-A98325BDA088}.Release_MD|Win32.Build.0 = Release|Win32
		{13851977-F039-448D-A853-A98325BDA088}.Release|NaCl32.ActiveCfg = Release|NaCl32
		{13851977-F039-448D-A853-A98325BDA088}.Release|NaCl32.Build.0 = Release|NaCl32
		{13851977-F039-448D-A853-A98325BDA088}.Release|NaCl64.ActiveCfg = Release|NaCl64
		{13851977-F039-448D-A853-A98325BDA088}.Release|NaCl64.Build.0 = Release|NaCl64
		{13851977-F039-448D-A853-A98325BDA088}.Release|PPAPI.ActiveCfg = Release|Win32
		{13851977-F039-448D-A853-A98325BDA088}.Release|Win32.ActiveCfg = Release|Win32
		{13851977-F039-448D-A853-A98325BDA088}.Release|Win32.Build.0 = Release|Win32
		{AC9366E1-054F-4CB1-AE5A-555D6011526A}.Debug(gtest)|NaCl32.ActiveCfg = Debug(gtest)|NaCl32
		{AC9366E1-054F-4CB1-AE5A-555D6011526A}.Debug(gtest)|NaCl32.Build.0 = Debug(gtest)|NaCl32
		{AC9366E1-054F-4CB1-AE5A-555D6011526A}.Debug(gtest)|NaCl64.ActiveCfg = Debug(gtest)|NaCl64
		{AC9366E1-054F-4CB1-AE5A-555D6011526A}.Debug(gtest)|NaCl64.Build.0 = Debug(gtest)|NaCl64
		{AC9366E1-054F-4CB1-AE5A-555D6011526A}.Debug(gtest)|PPAPI.ActiveCfg = Debug(gtest)|PPAPI
		{AC9366E1-054F-4CB1-AE5A-555D6011526A}.Debug(gtest)|PPAPI.Build.0 = Debug(gtest)|PPAPI
		{AC9366E1-054F-4CB1-AE5A-555D6011526A}.Debug(gtest)|Win32.ActiveCfg = Debug(gtest)|Win32
		{AC9366E1-054F-4CB1-AE5A-555D6011526A}.Debug(gtest)|Win32.Build.0 = Debug(gtest)|Win32
		{AC9366E1-054F-4CB1-AE5A-555D6011526A}.Debug(Lib)|NaCl32.ActiveCfg = Debug(Lib)|NaCl32
		{AC9366E1-054F-4CB1-AE5A-555D6011526A}.Debug(Lib)|NaCl32.Build.0 = Debug(Lib)|NaCl32
		{AC9366E1-054F-4CB1-AE5A-555D6011526A}.Debug(Lib)|NaCl64.ActiveCfg = Debug(Lib)|NaCl64
		{AC9366E1-054F-4CB1-AE5A-555D6011526A}.Debug(Lib)|NaCl64.Build.0 = Debug(Lib)|NaCl64
		{AC9366E1-054F-4CB1-AE5A-555D6011526A}.Debug(Lib)|PPAPI.ActiveCfg = Debug(Lib)|PPAPI
		{AC9366E1-054F-4CB1-AE5A-555D6011526A}.Debug(Lib)|PPAPI.Build.0 = Debug(Lib)|PPAPI
		{AC9366E1-054F-4CB1-AE5A-555D6011526A}.Debug(Lib)|Win32.ActiveCfg = Debug(Lib)|Win32
		{AC9366E1-054F-4CB1-AE5A-555D6011526A}.Debug(Lib)|Win32.Build.0 = Debug(Lib)|Win32
		{AC9366E1-054F-4CB1-AE5A-555D6011526A}.Debug(UNICODE)|NaCl32.ActiveCfg = Debug|NaCl32
		{AC9366E1-054F-4CB1-AE5A-555D6011526A}.Debug(UNICODE)|NaCl32.Build.0 = Debug|NaCl32
		{AC9366E1-054F-4CB1-AE5A-555D6011526A}.Debug(UNICODE)|NaCl64.ActiveCfg = Debug|NaCl64
		{AC9366E1-054F-4CB1-AE5A-555D6011526A}.Debug(UNICODE)|NaCl64.Build.0 = Debug|NaCl64
		{AC9366E1-054F-4CB1-AE5A-555D6011526A}.Debug(UNICODE)|PPAPI.ActiveCfg = Debug(gtest)|PPAPI
		{AC9366E1-054F-4CB1-AE5A-555D6011526A}.Debug(UNICODE)|PPAPI.Build.0 = Debug(gtest)|PPAPI
		{AC9366E1-054F-4CB1-AE5A-555D6011526A}.Debug(UNICODE)|Win32.ActiveCfg = Debug|Win32
		{AC9366E1-054F-4CB1-AE5A-555D6011526A}.Debug(UNICODE)|Win32.Build.0 = Debug|Win32
		{AC9366E1-054F-4CB1-AE5A-555D6011526A}.Debug_MD|NaCl32.ActiveCfg = Debug|Win32
		{AC9366E1-054F-4CB1-AE5A-555D6011526A}.Debug_MD|NaCl64.ActiveCfg = Debug|Win32
		{AC9366E1-054F-4CB1-AE5A-555D6011526A}.Debug_MD|PPAPI.ActiveCfg = Debug|Win32
		{AC9366E1-054F-4CB1-AE5A-555D6011526A}.Debug_MD|Win32.ActiveCfg = Debug|Win32
		{AC9366E1-054F-4CB1-AE5A-555D6011526A}.Debug_MD|Win32.Build.0 = Debug|Win32
		{AC9366E1-054F-4CB1-AE5A-555D6011526A}.Debug|NaCl32.ActiveCfg = Debug|NaCl32
		{AC9366E1-054F-4CB1-AE5A-555D6011526A}.Debug|NaCl32.Build.0 = Debug|NaCl32
		{AC9366E1-054F-4CB1-AE5A-555D6011526A}.Debug|NaCl64.ActiveCfg = Debug|NaCl64
		{AC9366E1-054F-4CB1-AE5A-555D6011526A}.Debug|NaCl64.Build.0 = Debug|NaCl64
		{AC9366E1-054F-4CB1-AE5A-555D6011526A}.Debug|PPAPI.ActiveCfg = Debug|PPAPI
		{AC9366E1-054F-4CB1-AE5A-555D6011526A}.Debug|PPAPI.Build.0 = Debug|PPAPI
		{AC9366E1-054F-4CB1-AE5A-555D6011526A}.Debug|Win32.ActiveCfg = Debug|Win32
		{AC9366E1-054F-4CB1-AE5A-555D6011526A}.Debug|Win32.Build.0 = Debug|Win32
		{AC9366E1-054F-4CB1-AE5A-555D6011526A}.Release_MD|NaCl32.ActiveCfg = Release|Win32
		{AC9366E1-054F-4CB1-AE5A-555D6011526A}.Release_MD|NaCl64.ActiveCfg = Release|Win32
		{AC9366E1-054F-4CB1-AE5A-555D6011526A}.Release_MD|PPAPI.ActiveCfg = Release|Win32
		{AC9366E1-054F-4CB1-AE5A-555D6011526A}.Release_MD|Win32.ActiveCfg = Release|Win32
		{AC9366E1-054F-4CB1-AE5A-555D6011526A}.Release_MD|Win32.Build.0 = Release|Win32
		{AC9366E1-054F-4CB1-AE5A-555D6011526A}.Release|NaCl32.ActiveCfg = Release|NaCl32
		{AC9366E1-054F-4CB1-AE5A-555D6011526A}.Release|NaCl32.Build.0 = Release|NaCl32
		{AC9366E1-054F-4CB1-AE5A-555D6011526A}.Release|NaCl64.ActiveCfg = Release|NaCl64
		{AC9366E1-054F-4CB1-AE5A-555D6011526A}.Release|NaCl64.Build.0 = Release|NaCl64
		{AC9366E1-054F-4CB1-AE5A-555D6011526A}.Release|PPAPI.ActiveCfg = Release|PPAPI
		{AC9366E1-054F-4CB1-AE5A-555D6011526A}.Release|PPAPI.Build.0 = Release|PPAPI
		{AC9366E1-054F-4CB1-AE5A-555D6011526A}.Release|Win32.ActiveCfg = Release|Win32
		{AC9366E1-054F-4CB1-AE5A-555D6011526A}.Release|Win32.Build.0 = Release|Win32
		{24A48412-EBF3-4C58-9BF9-71A5F6E3BD3E}.Debug(gtest)|NaCl32.ActiveCfg = Debug(gtest)|NaCl32
		{24A48412-EBF3-4C58-9BF9-71A5F6E3BD3E}.Debug(gtest)|NaCl32.Build.0 = Debug(gtest)|NaCl32
		{24A48412-EBF3-4C58-9BF9-71A5F6E3BD3E}.Debug(gtest)|NaCl64.ActiveCfg = Debug(gtest)|NaCl64
		{24A48412-EBF3-4C58-9BF9-71A5F6E3BD3E}.Debug(gtest)|NaCl64.Build.0 = Debug(gtest)|NaCl64
		{24A48412-EBF3-4C58-9BF9-71A5F6E3BD3E}.Debug(gtest)|PPAPI.ActiveCfg = Debug(gtest)|PPAPI
		{24A48412-EBF3-4C58-9BF9-71A5F6E3BD3E}.Debug(gtest)|PPAPI.Build.0 = Debug(gtest)|PPAPI
		{24A48412-EBF3-4C58-9BF9-71A5F6E3BD3E}.Debug(gtest)|Win32.ActiveCfg = Debug(gtest)|Win32
		{24A48412-EBF3-4C58-9BF9-71A5F6E3BD3E}.Debug(gtest)|Win32.Build.0 = Debug(gtest)|Win32
		{24A48412-EBF3-4C58-9BF9-71A5F6E3BD3E}.Debug(Lib)|NaCl32.ActiveCfg = Debug(Lib)|NaCl32
		{24A48412-EBF3-4C58-9BF9-71A5F6E3BD3E}.Debug(Lib)|NaCl32.Build.0 = Debug(Lib)|NaCl32
		{24A48412-EBF3-4C58-9BF9-71A5F6E3BD3E}.Debug(Lib)|NaCl64.ActiveCfg = Debug(Lib)|NaCl64
		{24A48412-EBF3-4C58-9BF9-71A5F6E3BD3E}.Debug(Lib)|NaCl64.Build.0 = Debug(Lib)|NaCl64
		{24A48412-EBF3-4C58-9BF9-71A5F6E3BD3E}.Debug(Lib)|PPAPI.ActiveCfg = Debug(Lib)|PPAPI
		{24A48412-EBF3-4C58-9BF9-71A5F6E3BD3E}.Debug(Lib)|PPAPI.Build.0 = Debug(Lib)|PPAPI
		{24A48412-EBF3-4C58-9BF9-71A5F6E3BD3E}.Debug(Lib)|Win32.ActiveCfg = Debug(Lib)|Win32
		{24A48412-EBF3-4C58-9BF9-71A5F6E3BD3E}.Debug(Lib)|Win32.Build.0 = Debug(Lib)|Win32
		{24A48412-EBF3-4C58-9BF9-71A5F6E3BD3E}.Debug(UNICODE)|NaCl32.ActiveCfg = Debug|NaCl32
		{24A48412-EBF3-4C58-9BF9-71A5F6E3BD3E}.Debug(UNICODE)|NaCl32.Build.0 = Debug|NaCl32
		{24A48412-EBF3-4C58-9BF9-71A5F6E3BD3E}.Debug(UNICODE)|NaCl64.ActiveCfg = Debug|NaCl64
		{24A48412-EBF3-4C58-9BF9-71A5F6E3BD3E}.Debug(UNICODE)|NaCl64.Build.0 = Debug|NaCl64
		{24A48412-EBF3-4C58-9BF9-71A5F6E3BD3E}.Debug(UNICODE)|PPAPI.ActiveCfg = Debug|PPAPI
		{24A48412-EBF3-4C58-9BF9-71A5F6E3BD3E}.Debug(UNICODE)|PPAPI.Build.0 = Debug|PPAPI
		{24A48412-EBF3-4C58-9BF9-71A5F6E3BD3E}.Debug(UNICODE)|Win32.ActiveCfg = Debug|Win32
		{24A48412-EBF3-4C58-9BF9-71A5F6E3BD3E}.Debug(UNICODE)|Win32.Build.0 = Debug|Win32
		{24A48412-EBF3-4C58-9BF9-71A5F6E3BD3E}.Debug_MD|NaCl32.ActiveCfg = Debug|Win32
		{24A48412-EBF3-4C58-9BF9-71A5F6E3BD3E}.Debug_MD|NaCl64.ActiveCfg = Debug|Win32
		{24A48412-EBF3-4C58-9BF9-71A5F6E3BD3E}.Debug_MD|PPAPI.ActiveCfg = Debug|Win32
		{24A48412-EBF3-4C58-9BF9-71A5F6E3BD3E}.Debug_MD|Win32.ActiveCfg = Debug|Win32
		{24A48412-EBF3-4C58-9BF9-71A5F6E3BD3E}.Debug_MD|Win32.Build.0 = Debug|Win32
		{24A48412-EBF3-4C58-9BF9-71A5F6E3BD3E}.Debug|NaCl32.ActiveCfg = Debug|NaCl32
		{24A48412-EBF3-4C58-9BF9-71A5F6E3BD3E}.Debug|NaCl32.Build.0 = Debug|NaCl32
		{24A48412-EBF3-4C58-9BF9-71A5F6E3BD3E}.Debug|NaCl64.ActiveCfg = Debug|NaCl64
		{24A48412-EBF3-4C58-9BF9-71A5F6E3BD3E}.Debug|NaCl64.Build.0 = Debug|NaCl64
		{24A48412-EBF3-4C58-9BF9-71A5F6E3BD3E}.Debug|PPAPI.ActiveCfg = Debug|PPAPI
		{24A48412-EBF3-4C58-9BF9-71A5F6E3BD3E}.Debug|PPAPI.Build.0 = Debug|PPAPI
		{24A48412-EBF3-4C58-9BF9-71A5F6E3BD3E}.Debug|Win32.ActiveCfg = Debug|Win32
		{24A48412-EBF3-4C58-9BF9-71A5F6E3BD3E}.Debug|Win32.Build.0 = Debug|Win32
		{24A48412-EBF3-4C58-9BF9-71A5F6E3BD3E}.Release_MD|NaCl32.ActiveCfg = Release|Win32
		{24A48412-EBF3-4C58-9BF9-71A5F6E3BD3E}.Release_MD|NaCl64.ActiveCfg = Release|Win32
		{24A48412-EBF3-4C58-9BF9-71A5F6E3BD3E}.Release_MD|PPAPI.ActiveCfg = Release|Win32
		{24A48412-EBF3-4C58-9BF9-71A5F6E3BD3E}.Release_MD|Win32.ActiveCfg = Release|Win32
		{24A48412-EBF3-4C58-9BF9-71A5F6E3BD3E}.Release_MD|Win32.Build.0 = Release|Win32
		{24A48412-EBF3-4C58-9BF9-71A5F6E3BD3E}.Release|NaCl32.ActiveCfg = Release|NaCl32
		{24A48412-EBF3-4C58-9BF9-71A5F6E3BD3E}.Release|NaCl32.Build.0 = Release|NaCl32
		{24A48412-EBF3-4C58-9BF9-71A5F6E3BD3E}.Release|NaCl64.ActiveCfg = Release|NaCl64
		{24A48412-EBF3-4C58-9BF9-71A5F6E3BD3E}.Release|NaCl64.Build.0 = Release|NaCl64
		{24A48412-EBF3-4C58-9BF9-71A5F6E3BD3E}.Release|PPAPI.ActiveCfg = Release|PPAPI
		{24A48412-EBF3-4C58-9BF9-71A5F6E3BD3E}.Release|PPAPI.Build.0 = Release|PPAPI
		{24A48412-EBF3-4C58-9BF9-71A5F6E3BD3E}.Release|Win32.ActiveCfg = Release|Win32
		{24A48412-EBF3-4C58-9BF9-71A5F6E3BD3E}.Release|Win32.Build.0 = Release|Win32
		{D75E9937-515B-4AA1-A737-E46A470EDA46}.Debug(gtest)|NaCl32.ActiveCfg = Debug(gtest)|NaCl32
		{D75E9937-515B-4AA1-A737-E46A470EDA46}.Debug(gtest)|NaCl32.Build.0 = Debug(gtest)|NaCl32
		{D75E9937-515B-4AA1-A737-E46A470EDA46}.Debug(gtest)|NaCl64.ActiveCfg = Debug(gtest)|NaCl64
		{D75E9937-515B-4AA1-A737-E46A470EDA46}.Debug(gtest)|NaCl64.Build.0 = Debug(gtest)|NaCl64
		{D75E9937-515B-4AA1-A737-E46A470EDA46}.Debug(gtest)|PPAPI.ActiveCfg = Debug(gtest)|PPAPI
		{D75E9937-515B-4AA1-A737-E46A470EDA46}.Debug(gtest)|PPAPI.Build.0 = Debug(gtest)|PPAPI
		{D75E9937-515B-4AA1-A737-E46A470EDA46}.Debug(gtest)|Win32.ActiveCfg = Debug(gtest)|Win32
		{D75E9937-515B-4AA1-A737-E46A470EDA46}.Debug(gtest)|Win32.Build.0 = Debug(gtest)|Win32
		{D75E9937-515B-4AA1-A737-E46A470EDA46}.Debug(Lib)|NaCl32.ActiveCfg = Debug(Lib)|NaCl32
		{D75E9937-515B-4AA1-A737-E46A470EDA46}.Debug(Lib)|NaCl32.Build.0 = Debug(Lib)|NaCl32
		{D75E9937-515B-4AA1-A737-E46A470EDA46}.Debug(Lib)|NaCl64.ActiveCfg = Debug(Lib)|NaCl64
		{D75E9937-515B-4AA1-A737-E46A470EDA46}.Debug(Lib)|NaCl64.Build.0 = Debug(Lib)|NaCl64
		{D75E9937-515B-4AA1-A737-E46A470EDA46}.Debug(Lib)|PPAPI.ActiveCfg = Debug(Lib)|PPAPI
		{D75E9937-515B-4AA1-A737-E46A470EDA46}.Debug(Lib)|PPAPI.Build.0 = Debug(Lib)|PPAPI
		{D75E9937-515B-4AA1-A737-E46A470EDA46}.Debug(Lib)|Win32.ActiveCfg = Debug(Lib)|Win32
		{D75E9937-515B-4AA1-A737-E46A470EDA46}.Debug(Lib)|Win32.Build.0 = Debug(Lib)|Win32
		{D75E9937-515B-4AA1-A737-E46A470EDA46}.Debug(UNICODE)|NaCl32.ActiveCfg = Debug|NaCl32
		{D75E9937-515B-4AA1-A737-E46A470EDA46}.Debug(UNICODE)|NaCl32.Build.0 = Debug|NaCl32
		{D75E9937-515B-4AA1-A737-E46A470EDA46}.Debug(UNICODE)|NaCl64.ActiveCfg = Debug|NaCl64
		{D75E9937-515B-4AA1-A737-E46A470EDA46}.Debug(UNICODE)|NaCl64.Build.0 = Debug|NaCl64
		{D75E9937-515B-4AA1-A737-E46A470EDA46}.Debug(UNICODE)|PPAPI.ActiveCfg = Debug|PPAPI
		{D75E9937-515B-4AA1-A737-E46A470EDA46}.Debug(UNICODE)|PPAPI.Build.0 = Debug|PPAPI
		{D75E9937-515B-4AA1-A737-E46A470EDA46}.Debug(UNICODE)|Win32.ActiveCfg = Debug|Win32
		{D75E9937-515B-4AA1-A737-E46A470EDA46}.Debug(UNICODE)|Win32.Build.0 = Debug|Win32
		{D75E9937-515B-4AA1-A737-E46A470EDA46}.Debug_MD|NaCl32.ActiveCfg = Debug|Win32
		{D75E9937-515B-4AA1-A737-E46A470EDA46}.Debug_MD|NaCl64.ActiveCfg = Debug|Win32
		{D75E9937-515B-4AA1-A737-E46A470EDA46}.Debug_MD|PPAPI.ActiveCfg = Debug|Win32
		{D75E9937-515B-4AA1-A737-E46A470EDA46}.Debug_MD|Win32.ActiveCfg = Debug|Win32
		{D75E9937-515B-4AA1-A737-E46A470EDA46}.Debug_MD|Win32.Build.0 = Debug|Win32
		{D75E9937-515B-4AA1-A737-E46A470EDA46}.Debug|NaCl32.ActiveCfg = Debug|NaCl32
		{D75E9937-515B-4AA1-A737-E46A470EDA46}.Debug|NaCl32.Build.0 = Debug|NaCl32
		{D75E9937-515B-4AA1-A737-E46A470EDA46}.Debug|NaCl64.ActiveCfg = Debug|NaCl64
		{D75E9937-515B-4AA1-A737-E46A470EDA46}.Debug|NaCl64.Build.0 = Debug|NaCl64
		{D75E9937-515B-4AA1-A737-E46A470EDA46}.Debug|PPAPI.ActiveCfg = Debug|PPAPI
		{D75E9937-515B-4AA1-A737-E46A470EDA46}.Debug|PPAPI.Build.0 = Debug|PPAPI
		{D75E9937-515B-4AA1-A737-E46A470EDA46}.Debug|Win32.ActiveCfg = Debug|Win32
		{D75E9937-515B-4AA1-A737-E46A470EDA46}.Debug|Win32.Build.0 = Debug|Win32
		{D75E9937-515B-4AA1-A737-E46A470EDA46}.Release_MD|NaCl32.ActiveCfg = Release|Win32
		{D75E9937-515B-4AA1-A737-E46A470EDA46}.Release_MD|NaCl64.ActiveCfg = Release|Win32
		{D75E9937-515B-4AA1-A737-E46A470EDA46}.Release_MD|PPAPI.ActiveCfg = Release|Win32
		{D75E9937-515B-4AA1-A737-E46A470EDA46}.Release_MD|Win32.ActiveCfg = Release|Win32
		{D75E9937-515B-4AA1-A737-E46A470EDA46}.Release_MD|Win32.Build.0 = Release|Win32
		{D75E9937-515B-4AA1-A737-E46A470EDA46}.Release|NaCl32.ActiveCfg = Release|NaCl32
		{D75E9937-515B-4AA1-A737-E46A470EDA46}.Release|NaCl32.Build.0 = Release|NaCl32
		{D75E9937-515B-4AA1-A737-E46A470EDA46}.Release|NaCl64.ActiveCfg = Release|NaCl64
		{D75E9937-515B-4AA1-A737-E46A470EDA46}.Release|NaCl64.Build.0 = Release|NaCl64
		{D75E9937-515B-4AA1-A737-E46A470EDA46}.Release|PPAPI.ActiveCfg = Release|PPAPI
		{D75E9937-515B-4AA1-A737-E46A470EDA46}.Release|PPAPI.Build.0 = Release|PPAPI
		{D75E9937-515B-4AA1-A737-E46A470EDA46}.Release|Win32.ActiveCfg = Release|Win32
		{D75E9937-515B-4AA1-A737-E46A470EDA46}.Release|Win32.Build.0 = Release|Win32
		{323B6D46-73DD-406D-AE4A-B97DB7EB0B7F}.Debug(gtest)|NaCl32.ActiveCfg = Debug(gtest)|NaCl32
		{323B6D46-73DD-406D-AE4A-B97DB7EB0B7F}.Debug(gtest)|NaCl32.Build.0 = Debug(gtest)|NaCl32
		{323B6D46-73DD-406D-AE4A-B97DB7EB0B7F}.Debug(gtest)|NaCl64.ActiveCfg = Debug(gtest)|NaCl64
		{323B6D46-73DD-406D-AE4A-B97DB7EB0B7F}.Debug(gtest)|NaCl64.Build.0 = Debug(gtest)|NaCl64
		{323B6D46-73DD-406D-AE4A-B97DB7EB0B7F}.Debug(gtest)|PPAPI.ActiveCfg = Debug(gtest)|PPAPI
		{323B6D46-73DD-406D-AE4A-B97DB7EB0B7F}.Debug(gtest)|PPAPI.Build.0 = Debug(gtest)|PPAPI
		{323B6D46-73DD-406D-AE4A-B97DB7EB0B7F}.Debug(gtest)|Win32.ActiveCfg = Debug(gtest)|Win32
		{323B6D46-73DD-406D-AE4A-B97DB7EB0B7F}.Debug(gtest)|Win32.Build.0 = Debug(gtest)|Win32
		{323B6D46-73DD-406D-AE4A-B97DB7EB0B7F}.Debug(Lib)|NaCl32.ActiveCfg = Debug(Lib)|NaCl32
		{323B6D46-73DD-406D-AE4A-B97DB7EB0B7F}.Debug(Lib)|NaCl32.Build.0 = Debug(Lib)|NaCl32
		{323B6D46-73DD-406D-AE4A-B97DB7EB0B7F}.Debug(Lib)|NaCl64.ActiveCfg = Debug(Lib)|NaCl64
		{323B6D46-73DD-406D-AE4A-B97DB7EB0B7F}.Debug(Lib)|NaCl64.Build.0 = Debug(Lib)|NaCl64
		{323B6D46-73DD-406D-AE4A-B97DB7EB0B7F}.Debug(Lib)|PPAPI.ActiveCfg = Debug(Lib)|PPAPI
		{323B6D46-73DD-406D-AE4A-B97DB7EB0B7F}.Debug(Lib)|PPAPI.Build.0 = Debug(Lib)|PPAPI
		{323B6D46-73DD-406D-AE4A-B97DB7EB0B7F}.Debug(Lib)|Win32.ActiveCfg = Debug(Lib)|Win32
		{323B6D46-73DD-406D-AE4A-B97DB7EB0B7F}.Debug(Lib)|Win32.Build.0 = Debug(Lib)|Win32
		{323B6D46-73DD-406D-AE4A-B97DB7EB0B7F}.Debug(UNICODE)|NaCl32.ActiveCfg = Debug|NaCl32
		{323B6D46-73DD-406D-AE4A-B97DB7EB0B7F}.Debug(UNICODE)|NaCl32.Build.0 = Debug|NaCl32
		{323B6D46-73DD-406D-AE4A-B97DB7EB0B7F}.Debug(UNICODE)|NaCl64.ActiveCfg = Debug|NaCl64
		{323B6D46-73DD-406D-AE4A-B97DB7EB0B7F}.Debug(UNICODE)|NaCl64.Build.0 = Debug|NaCl64
		{323B6D46-73DD-406D-AE4A-B97DB7EB0B7F}.Debug(UNICODE)|PPAPI.ActiveCfg = Debug|PPAPI
		{323B6D46-73DD-406D-AE4A-B97DB7EB0B7F}.Debug(UNICODE)|PPAPI.Build.0 = Debug|PPAPI
		{323B6D46-73DD-406D-AE4A-B97DB7EB0B7F}.Debug(UNICODE)|Win32.ActiveCfg = Debug|Win32
		{323B6D46-73DD-406D-AE4A-B97DB7EB0B7F}.Debug(UNICODE)|Win32.Build.0 = Debug|Win32
		{323B6D46-73DD-406D-AE4A-B97DB7EB0B7F}.Debug_MD|NaCl32.ActiveCfg = Debug|Win32
		{323B6D46-73DD-406D-AE4A-B97DB7EB0B7F}.Debug_MD|NaCl64.ActiveCfg = Debug|Win32
		{323B6D46-73DD-406D-AE4A-B97DB7EB0B7F}.Debug_MD|PPAPI.ActiveCfg = Debug|Win32
		{323B6D46-73DD-406D-AE4A-B97DB7EB0B7F}.Debug_MD|Win32.ActiveCfg = Debug|Win32
		{323B6D46-73DD-406D-AE4A-B97DB7EB0B7F}.Debug_MD|Win32.Build.0 = Debug|Win32
		{323B6D46-73DD-406D-AE4A-B97DB7EB0B7F}.Debug|NaCl32.ActiveCfg = Debug|NaCl32
		{323B6D46-73DD-406D-AE4A-B97DB7EB0B7F}.Debug|NaCl32.Build.0 = Debug|NaCl32
		{323B6D46-73DD-406D-AE4A-B97DB7EB0B7F}.Debug|NaCl64.ActiveCfg = Debug|NaCl64
		{323B6D46-73DD-406D-AE4A-B97DB7EB0B7F}.Debug|NaCl64.Build.0 = Debug|NaCl64
		{323B6D46-73DD-406D-AE4A-B97DB7EB0B7F}.Debug|PPAPI.ActiveCfg = Debug|PPAPI
		{323B6D46-73DD-406D-AE4A-B97DB7EB0B7F}.Debug|PPAPI.Build.0 = Debug|PPAPI
		{323B6D46-73DD-406D-AE4A-B97DB7EB0B7F}.Debug|Win32.ActiveCfg = Debug|Win32
		{323B6D46-73DD-406D-AE4A-B97DB7EB0B7F}.Debug|Win32.Build.0 = Debug|Win32
		{323B6D46-73DD-406D-AE4A-B97DB7EB0B7F}.Release_MD|NaCl32.ActiveCfg = Release|Win32
		{323B6D46-73DD-406D-AE4A-B97DB7EB0B7F}.Release_MD|NaCl64.ActiveCfg = Release|Win32
		{323B6D46-73DD-406D-AE4A-B97DB7EB0B7F}.Release_MD|PPAPI.ActiveCfg = Release|Win32
		{323B6D46-73DD-406D-AE4A-B97DB7EB0B7F}.Release_MD|Win32.ActiveCfg = Release|Win32
		{323B6D46-73DD-406D-AE4A-B97DB7EB0B7F}.Release_MD|Win32.Build.0 = Release|Win32
		{323B6D46-73DD-406D-AE4A-B97DB7EB0B7F}.Release|NaCl32.ActiveCfg = Release|NaCl32
		{323B6D46-73DD-406D-AE4A-B97DB7EB0B7F}.Release|NaCl32.Build.0 = Release|NaCl32
		{323B6D46-73DD-406D-AE4A-B97DB7EB0B7F}.Release|NaCl64.ActiveCfg = Release|NaCl64
		{323B6D46-73DD-406D-AE4A-B97DB7EB0B7F}.Release|NaCl64.Build.0 = Release|NaCl64
		{323B6D46-73DD-406D-AE4A-B97DB7EB0B7F}.Release|PPAPI.ActiveCfg = Release|PPAPI
		{323B6D46-73DD-406D-AE4A-B97DB7EB0B7F}.Release|PPAPI.Build.0 = Release|PPAPI
		{323B6D46-73DD-406D-AE4A-B97DB7EB0B7F}.Release|Win32.ActiveCfg = Release|Win32
		{323B6D46-73DD-406D-AE4A-B97DB7EB0B7F}.Release|Win32.Build.0 = Release|Win32
		{D608CFE8-69D1-4300-9ED3-96CE24A010DC}.Debug(gtest)|NaCl32.ActiveCfg = Debug(gtest)|NaCl32
		{D608CFE8-69D1-4300-9ED3-96CE24A010DC}.Debug(gtest)|NaCl32.Build.0 = Debug(gtest)|NaCl32
		{D608CFE8-69D1-4300-9ED3-96CE24A010DC}.Debug(gtest)|NaCl64.ActiveCfg = Debug(gtest)|NaCl64
		{D608CFE8-69D1-4300-9ED3-96CE24A010DC}.Debug(gtest)|NaCl64.Build.0 = Debug(gtest)|NaCl64
		{D608CFE8-69D1-4300-9ED3-96CE24A010DC}.Debug(gtest)|PPAPI.ActiveCfg = Debug(gtest)|PPAPI
		{D608CFE8-69D1-4300-9ED3-96CE24A010DC}.Debug(gtest)|PPAPI.Build.0 = Debug(gtest)|PPAPI
		{D608CFE8-69D1-4300-9ED3-96CE24A010DC}.Debug(gtest)|Win32.ActiveCfg = Debug(gtest)|Win32
		{D608CFE8-69D1-4300-9ED3-96CE24A010DC}.Debug(gtest)|Win32.Build.0 = Debug(gtest)|Win32
		{D608CFE8-69D1-4300-9ED3-96CE24A010DC}.Debug(Lib)|NaCl32.ActiveCfg = Debug(Lib)|NaCl32
		{D608CFE8-69D1-4300-9ED3-96CE24A010DC}.Debug(Lib)|NaCl32.Build.0 = Debug(Lib)|NaCl32
		{D608CFE8-69D1-4300-9ED3-96CE24A010DC}.Debug(Lib)|NaCl64.ActiveCfg = Debug(Lib)|NaCl64
		{D608CFE8-69D1-4300-9ED3-96CE24A010DC}.Debug(Lib)|NaCl64.Build.0 = Debug(Lib)|NaCl64
		{D608CFE8-69D1-4300-9ED3-96CE24A010DC}.Debug(Lib)|PPAPI.ActiveCfg = Debug(Lib)|PPAPI
		{D608CFE8-69D1-4300-9ED3-96CE24A010DC}.Debug(Lib)|PPAPI.Build.0 = Debug(Lib)|PPAPI
		{D608CFE8-69D1-4300-9ED3-96CE24A010DC}.Debug(Lib)|Win32.ActiveCfg = Debug(Lib)|Win32
		{D608CFE8-69D1-4300-9ED3-96CE24A010DC}.Debug(Lib)|Win32.Build.0 = Debug(Lib)|Win32
		{D608CFE8-69D1-4300-9ED3-96CE24A010DC}.Debug(UNICODE)|NaCl32.ActiveCfg = Debug|NaCl32
		{D608CFE8-69D1-4300-9ED3-96CE24A010DC}.Debug(UNICODE)|NaCl32.Build.0 = Debug|NaCl32
		{D608CFE8-69D1-4300-9ED3-96CE24A010DC}.Debug(UNICODE)|NaCl64.ActiveCfg = Debug|NaCl64
		{D608CFE8-69D1-4300-9ED3-96CE24A010DC}.Debug(UNICODE)|NaCl64.Build.0 = Debug|NaCl64
		{D608CFE8-69D1-4300-9ED3-96CE24A010DC}.Debug(UNICODE)|PPAPI.ActiveCfg = Debug|PPAPI
		{D608CFE8-69D1-4300-9ED3-96CE24A010DC}.Debug(UNICODE)|PPAPI.Build.0 = Debug|PPAPI
		{D608CFE8-69D1-4300-9ED3-96CE24A010DC}.Debug(UNICODE)|Win32.ActiveCfg = Debug|Win32
		{D608CFE8-69D1-4300-9ED3-96CE24A010DC}.Debug(UNICODE)|Win32.Build.0 = Debug|Win32
		{D608CFE8-69D1-4300-9ED3-96CE24A010DC}.Debug_MD|NaCl32.ActiveCfg = Debug|Win32
		{D608CFE8-69D1-4300-9ED3-96CE24A010DC}.Debug_MD|NaCl64.ActiveCfg = Debug|Win32
		{D608CFE8-69D1-4300-9ED3-96CE24A010DC}.Debug_MD|PPAPI.ActiveCfg = Debug|Win32
		{D608CFE8-69D1-4300-9ED3-96CE24A010DC}.Debug_MD|Win32.ActiveCfg = Debug|Win32
		{D608CFE8-69D1-4300-9ED3-96CE24A010DC}.Debug_MD|Win32.Build.0 = Debug|Win32
		{D608CFE8-69D1-4300-9ED3-96CE24A010DC}.Debug|NaCl32.ActiveCfg = Debug|NaCl32
		{D608CFE8-69D1-4300-9ED3-96CE24A010DC}.Debug|NaCl32.Build.0 = Debug|NaCl32
		{D608CFE8-69D1-4300-9ED3-96CE24A010DC}.Debug|NaCl64.ActiveCfg = Debug|NaCl64
		{D608CFE8-69D1-4300-9ED3-96CE24A010DC}.Debug|NaCl64.Build.0 = Debug|NaCl64
		{D608CFE8-69D1-4300-9ED3-96CE24A010DC}.Debug|PPAPI.ActiveCfg = Debug|PPAPI
		{D608CFE8-69D1-4300-9ED3-96CE24A010DC}.Debug|PPAPI.Build.0 = Debug|PPAPI
		{D608CFE8-69D1-4300-9ED3-96CE24A010DC}.Debug|Win32.ActiveCfg = Debug|Win32
		{D608CFE8-69D1-4300-9ED3-96CE24A010DC}.Debug|Win32.Build.0 = Debug|Win32
		{D608CFE8-69D1-4300-9ED3-96CE24A010DC}.Release_MD|NaCl32.ActiveCfg = Release|Win32
		{D608CFE8-69D1-4300-9ED3-96CE24A010DC}.Release_MD|NaCl64.ActiveCfg = Release|Win32
		{D608CFE8-69D1-4300-9ED3-96CE24A010DC}.Release_MD|PPAPI.ActiveCfg = Release|Win32
		{D608CFE8-69D1-4300-9ED3-96CE24A010DC}.Release_MD|Win32.ActiveCfg = Release|Win32
		{D608CFE8-69D1-4300-9ED3-96CE24A010DC}.Release_MD|Win32.Build.0 = Release|Win32
		{D608CFE8-69D1-4300-9ED3-96CE24A010DC}.Release|NaCl32.ActiveCfg = Release|NaCl32
		{D608CFE8-69D1-4300-9ED3-96CE24A010DC}.Release|NaCl32.Build.0 = Release|NaCl32
		{D608CFE8-69D1-4300-9ED3-96CE24A010DC}.Release|NaCl64.ActiveCfg = Release|NaCl64
		{D608CFE8-69D1-4300-9ED3-96CE24A010DC}.Release|NaCl64.Build.0 = Release|NaCl64
		{D608CFE8-69D1-4300-9ED3-96CE24A010DC}.Release|PPAPI.ActiveCfg = Release|PPAPI
		{D608CFE8-69D1-4300-9ED3-96CE24A010DC}.Release|PPAPI.Build.0 = Release|PPAPI
		{D608CFE8-69D1-4300-9ED3-96CE24A010DC}.Release|Win32.ActiveCfg = Release|Win32
		{D608CFE8-69D1-4300-9ED3-96CE24A010DC}.Release|Win32.Build.0 = Release|Win32
		{DD940A43-1C57-458D-BBF6-56D8A9B143B2}.Debug(gtest)|NaCl32.ActiveCfg = Debug(gtest)|NaCl32
		{DD940A43-1C57-458D-BBF6-56D8A9B143B2}.Debug(gtest)|NaCl32.Build.0 = Debug(gtest)|NaCl32
		{DD940A43-1C57-458D-BBF6-56D8A9B143B2}.Debug(gtest)|NaCl64.ActiveCfg = Debug(gtest)|NaCl64
		{DD940A43-1C57-458D-BBF6-56D8A9B143B2}.Debug(gtest)|NaCl64.Build.0 = Debug(gtest)|NaCl64
		{DD940A43-1C57-458D-BBF6-56D8A9B143B2}.Debug(gtest)|PPAPI.ActiveCfg = Debug(gtest)|PPAPI
		{DD940A43-1C57-458D-BBF6-56D8A9B143B2}.Debug(gtest)|PPAPI.Build.0 = Debug(gtest)|PPAPI
		{DD940A43-1C57-458D-BBF6-56D8A9B143B2}.Debug(gtest)|Win32.ActiveCfg = Debug(gtest)|Win32
		{DD940A43-1C57-458D-BBF6-56D8A9B143B2}.Debug(gtest)|Win32.Build.0 = Debug(gtest)|Win32
		{DD940A43-1C57-458D-BBF6-56D8A9B143B2}.Debug(Lib)|NaCl32.ActiveCfg = Debug(Lib)|NaCl32
		{DD940A43-1C57-458D-BBF6-56D8A9B143B2}.Debug(Lib)|NaCl32.Build.0 = Debug(Lib)|NaCl32
		{DD940A43-1C57-458D-BBF6-56D8A9B143B2}.Debug(Lib)|NaCl64.ActiveCfg = Debug(Lib)|NaCl64
		{DD940A43-1C57-458D-BBF6-56D8A9B143B2}.Debug(Lib)|NaCl64.Build.0 = Debug(Lib)|NaCl64
		{DD940A43-1C57-458D-BBF6-56D8A9B143B2}.Debug(Lib)|PPAPI.ActiveCfg = Debug(Lib)|PPAPI
		{DD940A43-1C57-458D-BBF6-56D8A9B143B2}.Debug(Lib)|PPAPI.Build.0 = Debug(Lib)|PPAPI
		{DD940A43-1C57-458D-BBF6-56D8A9B143B2}.Debug(Lib)|Win32.ActiveCfg = Debug(Lib)|Win32
		{DD940A43-1C57-458D-BBF6-56D8A9B143B2}.Debug(Lib)|Win32.Build.0 = Debug(Lib)|Win32
		{DD940A43-1C57-458D-BBF6-56D8A9B143B2}.Debug(UNICODE)|NaCl32.ActiveCfg = Debug|NaCl32
		{DD940A43-1C57-458D-BBF6-56D8A9B143B2}.Debug(UNICODE)|NaCl32.Build.0 = Debug|NaCl32
		{DD940A43-1C57-458D-BBF6-56D8A9B143B2}.Debug(UNICODE)|NaCl64.ActiveCfg = Debug|NaCl64
		{DD940A43-1C57-458D-BBF6-56D8A9B143B2}.Debug(UNICODE)|NaCl64.Build.0 = Debug|NaCl64
		{DD940A43-1C57-458D-BBF6-56D8A9B143B2}.Debug(UNICODE)|PPAPI.ActiveCfg = Debug|PPAPI
		{DD940A43-1C57-458D-BBF6-56D8A9B143B2}.Debug(UNICODE)|PPAPI.Build.0 = Debug|PPAPI
		{DD940A43-1C57-458D-BBF6-56D8A9B143B2}.Debug(UNICODE)|Win32.ActiveCfg = Debug|Win32
		{DD940A43-1C57-458D-BBF6-56D8A9B143B2}.Debug(UNICODE)|Win32.Build.0 = Debug|Win32
		{DD940A43-1C57-458D-BBF6-56D8A9B143B2}.Debug_MD|NaCl32.ActiveCfg = Debug|Win32
		{DD940A43-1C57-458D-BBF6-56D8A9B143B2}.Debug_MD|NaCl64.ActiveCfg = Debug|Win32
		{DD940A43-1C57-458D-BBF6-56D8A9B143B2}.Debug_MD|PPAPI.ActiveCfg = Debug|Win32
		{DD940A43-1C57-458D-BBF6-56D8A9B143B2}.Debug_MD|Win32.ActiveCfg = Debug|Win32
		{DD940A43-1C57-458D-BBF6-56D8A9B143B2}.Debug_MD|Win32.Build.0 = Debug|Win32
		{DD940A43-1C57-458D-BBF6-56D8A9B143B2}.Debug|NaCl32.ActiveCfg = Debug|NaCl32
		{DD940A43-1C57-458D-BBF6-56D8A9B143B2}.Debug|NaCl32.Build.0 = Debug|NaCl32
		{DD940A43-1C57-458D-BBF6-56D8A9B143B2}.Debug|NaCl64.ActiveCfg = Debug|NaCl64
		{DD940A43-1C57-458D-BBF6-56D8A9B143B2}.Debug|NaCl64.Build.0 = Debug|NaCl64
		{DD940A43-1C57-458D-BBF6-56D8A9B143B2}.Debug|PPAPI.ActiveCfg = Debug|PPAPI
		{DD940A43-1C57-458D-BBF6-56D8A9B143B2}.Debug|PPAPI.Build.0 = Debug|PPAPI
		{DD940A43-1C57-458D-BBF6-56D8A9B143B2}.Debug|Win32.ActiveCfg = Debug|Win32
		{DD940A43-1C57-458D-BBF6-56D8A9B143B2}.Debug|Win32.Build.0 = Debug|Win32
		{DD940A43-1C57-458D-BBF6-56D8A9B143B2}.Release_MD|NaCl32.ActiveCfg = Release|Win32
		{DD940A43-1C57-458D-BBF6-56D8A9B143B2}.Release_MD|NaCl64.ActiveCfg = Release|Win32
		{DD940A43-1C57-458D-BBF6-56D8A9B143B2}.Release_MD|PPAPI.ActiveCfg = Release|Win32
		{DD940A43-1C57-458D-BBF6-56D8A9B143B2}.Release_MD|Win32.ActiveCfg = Release|Win32
		{DD940A43-1C57-458D-BBF6-56D8A9B143B2}.Release_MD|Win32.Build.0 = Release|Win32
		{DD940A43-1C57-458D-BBF6-56D8A9B143B2}.Release|NaCl32.ActiveCfg = Release|NaCl32
		{DD940A43-1C57-458D-BBF6-56D8A9B143B2}.Release|NaCl32.Build.0 = Release|NaCl32
		{DD940A43-1C57-458D-BBF6-56D8A9B143B2}.Release|NaCl64.ActiveCfg = Release|NaCl64
		{DD940A43-1C57-458D-BBF6-56D8A9B143B2}.Release|NaCl64.Build.0 = Release|NaCl64
		{DD940A43-1C57-458D-BBF6-56D8A9B143B2}.Release|PPAPI.ActiveCfg = Release|PPAPI
		{DD940A43-1C57-458D-BBF6-56D8A9B143B2}.Release|PPAPI.Build.0 = Release|PPAPI
		{DD940A43-1C57-458D-BBF6-56D8A9B143B2}.Release|Win32.ActiveCfg = Release|Win32
		{DD940A43-1C57-458D-BBF6-56D8A9B143B2}.Release|Win32.Build.0 = Release|Win32
		{DF3D61A3-C8E8-4D1E-8417-FB4A91946FAC}.Debug(gtest)|NaCl32.ActiveCfg = Debug(gtest)|NaCl32
		{DF3D61A3-C8E8-4D1E-8417-FB4A91946FAC}.Debug(gtest)|NaCl32.Build.0 = Debug(gtest)|NaCl32
		{DF3D61A3-C8E8-4D1E-8417-FB4A91946FAC}.Debug(gtest)|NaCl64.ActiveCfg = Debug(gtest)|NaCl64
		{DF3D61A3-C8E8-4D1E-8417-FB4A91946FAC}.Debug(gtest)|NaCl64.Build.0 = Debug(gtest)|NaCl64
		{DF3D61A3-C8E8-4D1E-8417-FB4A91946FAC}.Debug(gtest)|PPAPI.ActiveCfg = Debug(gtest)|PPAPI
		{DF3D61A3-C8E8-4D1E-8417-FB4A91946FAC}.Debug(gtest)|PPAPI.Build.0 = Debug(gtest)|PPAPI
		{DF3D61A3-C8E8-4D1E-8417-FB4A91946FAC}.Debug(gtest)|Win32.ActiveCfg = Debug(gtest)|Win32
		{DF3D61A3-C8E8-4D1E-8417-FB4A91946FAC}.Debug(gtest)|Win32.Build.0 = Debug(gtest)|Win32
		{DF3D61A3-C8E8-4D1E-8417-FB4A91946FAC}.Debug(Lib)|NaCl32.ActiveCfg = Debug(Lib)|NaCl32
		{DF3D61A3-C8E8-4D1E-8417-FB4A91946FAC}.Debug(Lib)|NaCl32.Build.0 = Debug(Lib)|NaCl32
		{DF3D61A3-C8E8-4D1E-8417-FB4A91946FAC}.Debug(Lib)|NaCl64.ActiveCfg = Debug(Lib)|NaCl64
		{DF3D61A3-C8E8-4D1E-8417-FB4A91946FAC}.Debug(Lib)|NaCl64.Build.0 = Debug(Lib)|NaCl64
		{DF3D61A3-C8E8-4D1E-8417-FB4A91946FAC}.Debug(Lib)|PPAPI.ActiveCfg = Debug(Lib)|PPAPI
		{DF3D61A3-C8E8-4D1E-8417-FB4A91946FAC}.Debug(Lib)|PPAPI.Build.0 = Debug(Lib)|PPAPI
		{DF3D61A3-C8E8-4D1E-8417-FB4A91946FAC}.Debug(Lib)|Win32.ActiveCfg = Debug(Lib)|Win32
		{DF3D61A3-C8E8-4D1E-8417-FB4A91946FAC}.Debug(Lib)|Win32.Build.0 = Debug(Lib)|Win32
		{DF3D61A3-C8E8-4D1E-8417-FB4A91946FAC}.Debug(UNICODE)|NaCl32.ActiveCfg = Debug|NaCl32
		{DF3D61A3-C8E8-4D1E-8417-FB4A91946FAC}.Debug(UNICODE)|NaCl32.Build.0 = Debug|NaCl32
		{DF3D61A3-C8E8-4D1E-8417-FB4A91946FAC}.Debug(UNICODE)|NaCl64.ActiveCfg = Debug|NaCl64
		{DF3D61A3-C8E8-4D1E-8417-FB4A91946FAC}.Debug(UNICODE)|NaCl64.Build.0 = Debug|NaCl64
		{DF3D61A3-C8E8-4D1E-8417-FB4A91946FAC}.Debug(UNICODE)|PPAPI.ActiveCfg = Debug|PPAPI
		{DF3D61A3-C8E8-4D1E-8417-FB4A91946FAC}.Debug(UNICODE)|PPAPI.Build.0 = Debug|PPAPI
		{DF3D61A3-C8E8-4D1E-8417-FB4A91946FAC}.Debug(UNICODE)|Win32.ActiveCfg = Debug|Win32
		{DF3D61A3-C8E8-4D1E-8417-FB4A91946FAC}.Debug(UNICODE)|Win32.Build.0 = Debug|Win32
		{DF3D61A3-C8E8-4D1E-8417-FB4A91946FAC}.Debug_MD|NaCl32.ActiveCfg = Debug|Win32
		{DF3D61A3-C8E8-4D1E-8417-FB4A91946FAC}.Debug_MD|NaCl64.ActiveCfg = Debug|Win32
		{DF3D61A3-C8E8-4D1E-8417-FB4A91946FAC}.Debug_MD|PPAPI.ActiveCfg = Debug|Win32
		{DF3D61A3-C8E8-4D1E-8417-FB4A91946FAC}.Debug_MD|Win32.ActiveCfg = Debug|Win32
		{DF3D61A3-C8E8-4D1E-8417-FB4A91946FAC}.Debug_MD|Win32.Build.0 = Debug|Win32
		{DF3D61A3-C8E8-4D1E-8417-FB4A91946FAC}.Debug|NaCl32.ActiveCfg = Debug|NaCl32
		{DF3D61A3-C8E8-4D1E-8417-FB4A91946FAC}.Debug|NaCl32.Build.0 = Debug|NaCl32
		{DF3D61A3-C8E8-4D1E-8417-FB4A91946FAC}.Debug|NaCl64.ActiveCfg = Debug|NaCl64
		{DF3D61A3-C8E8-4D1E-8417-FB4A91946FAC}.Debug|NaCl64.Build.0 = Debug|NaCl64
		{DF3D61A3-C8E8-4D1E-8417-FB4A91946FAC}.Debug|PPAPI.ActiveCfg = Debug|PPAPI
		{DF3D61A3-C8E8-4D1E-8417-FB4A91946FAC}.Debug|PPAPI.Build.0 = Debug|PPAPI
		{DF3D61A3-C8E8-4D1E-8417-FB4A91946FAC}.Debug|Win32.ActiveCfg = Debug|Win32
		{DF3D61A3-C8E8-4D1E-8417-FB4A91946FAC}.Debug|Win32.Build.0 = Debug|Win32
		{DF3D61A3-C8E8-4D1E-8417-FB4A91946FAC}.Release_MD|NaCl32.ActiveCfg = Release|Win32
		{DF3D61A3-C8E8-4D1E-8417-FB4A91946FAC}.Release_MD|NaCl64.ActiveCfg = Release|Win32
		{DF3D61A3-C8E8-4D1E-8417-FB4A91946FAC}.Release_MD|PPAPI.ActiveCfg = Release|Win32
		{DF3D61A3-C8E8-4D1E-8417-FB4A91946FAC}.Release_MD|Win32.ActiveCfg = Release|Win32
		{DF3D61A3-C8E8-4D1E-8417-FB4A91946FAC}.Release_MD|Win32.Build.0 = Release|Win32
		{DF3D61A3-C8E8-4D1E-8417-FB4A91946FAC}.Release|NaCl32.ActiveCfg = Release|NaCl32
		{DF3D61A3-C8E8-4D1E-8417-FB4A91946FAC}.Release|NaCl32.Build.0 = Release|NaCl32
		{DF3D61A3-C8E8-4D1E-8417-FB4A91946FAC}.Release|NaCl64.ActiveCfg = Release|NaCl64
		{DF3D61A3-C8E8-4D1E-8417-FB4A91946FAC}.Release|NaCl64.Build.0 = Release|NaCl64
		{DF3D61A3-C8E8-4D1E-8417-FB4A91946FAC}.Release|PPAPI.ActiveCfg = Release|PPAPI
		{DF3D61A3-C8E8-4D1E-8417-FB4A91946FAC}.Release|PPAPI.Build.0 = Release|PPAPI
		{DF3D61A3-C8E8-4D1E-8417-FB4A91946FAC}.Release|Win32.ActiveCfg = Release|Win32
		{DF3D61A3-C8E8-4D1E-8417-FB4A91946FAC}.Release|Win32.Build.0 = Release|Win32
		{F70B9DD1-B2F1-4A9B-BA9D-99220DCBB184}.Debug(gtest)|NaCl32.ActiveCfg = Debug(gtest)|NaCl32
		{F70B9DD1-B2F1-4A9B-BA9D-99220DCBB184}.Debug(gtest)|NaCl32.Build.0 = Debug(gtest)|NaCl32
		{F70B9DD1-B2F1-4A9B-BA9D-99220DCBB184}.Debug(gtest)|NaCl64.ActiveCfg = Debug(gtest)|NaCl64
		{F70B9DD1-B2F1-4A9B-BA9D-99220DCBB184}.Debug(gtest)|NaCl64.Build.0 = Debug(gtest)|NaCl64
		{F70B9DD1-B2F1-4A9B-BA9D-99220DCBB184}.Debug(gtest)|PPAPI.ActiveCfg = Debug(gtest)|PPAPI
		{F70B9DD1-B2F1-4A9B-BA9D-99220DCBB184}.Debug(gtest)|PPAPI.Build.0 = Debug(gtest)|PPAPI
		{F70B9DD1-B2F1-4A9B-BA9D-99220DCBB184}.Debug(gtest)|Win32.ActiveCfg = Debug(gtest)|Win32
		{F70B9DD1-B2F1-4A9B-BA9D-99220DCBB184}.Debug(gtest)|Win32.Build.0 = Debug(gtest)|Win32
		{F70B9DD1-B2F1-4A9B-BA9D-99220DCBB184}.Debug(Lib)|NaCl32.ActiveCfg = Debug(Lib)|NaCl32
		{F70B9DD1-B2F1-4A9B-BA9D-99220DCBB184}.Debug(Lib)|NaCl32.Build.0 = Debug(Lib)|NaCl32
		{F70B9DD1-B2F1-4A9B-BA9D-99220DCBB184}.Debug(Lib)|NaCl64.ActiveCfg = Debug(Lib)|NaCl64
		{F70B9DD1-B2F1-4A9B-BA9D-99220DCBB184}.Debug(Lib)|NaCl64.Build.0 = Debug(Lib)|NaCl64
		{F70B9DD1-B2F1-4A9B-BA9D-99220DCBB184}.Debug(Lib)|PPAPI.ActiveCfg = Debug(Lib)|PPAPI
		{F70B9DD1-B2F1-4A9B-BA9D-99220DCBB184}.Debug(Lib)|PPAPI.Build.0 = Debug(Lib)|PPAPI
		{F70B9DD1-B2F1-4A9B-BA9D-99220DCBB184}.Debug(Lib)|Win32.ActiveCfg = Debug(Lib)|Win32
		{F70B9DD1-B2F1-4A9B-BA9D-99220DCBB184}.Debug(Lib)|Win32.Build.0 = Debug(Lib)|Win32
		{F70B9DD1-B2F1-4A9B-BA9D-99220DCBB184}.Debug(UNICODE)|NaCl32.ActiveCfg = Debug|NaCl32
		{F70B9DD1-B2F1-4A9B-BA9D-99220DCBB184}.Debug(UNICODE)|NaCl32.Build.0 = Debug|NaCl32
		{F70B9DD1-B2F1-4A9B-BA9D-99220DCBB184}.Debug(UNICODE)|NaCl64.ActiveCfg = Debug|NaCl64
		{F70B9DD1-B2F1-4A9B-BA9D-99220DCBB184}.Debug(UNICODE)|NaCl64.Build.0 = Debug|NaCl64
		{F70B9DD1-B2F1-4A9B-BA9D-99220DCBB184}.Debug(UNICODE)|PPAPI.ActiveCfg = Debug|PPAPI
		{F70B9DD1-B2F1-4A9B-BA9D-99220DCBB184}.Debug(UNICODE)|PPAPI.Build.0 = Debug|PPAPI
		{F70B9DD1-B2F1-4A9B-BA9D-99220DCBB184}.Debug(UNICODE)|Win32.ActiveCfg = Debug|Win32
		{F70B9DD1-B2F1-4A9B-BA9D-99220DCBB184}.Debug(UNICODE)|Win32.Build.0 = Debug|Win32
		{F70B9DD1-B2F1-4A9B-BA9D-99220DCBB184}.Debug_MD|NaCl32.ActiveCfg = Debug|Win32
		{F70B9DD1-B2F1-4A9B-BA9D-99220DCBB184}.Debug_MD|NaCl64.ActiveCfg = Debug|Win32
		{F70B9DD1-B2F1-4A9B-BA9D-99220DCBB184}.Debug_MD|PPAPI.ActiveCfg = Debug|Win32
		{F70B9DD1-B2F1-4A9B-BA9D-99220DCBB184}.Debug_MD|Win32.ActiveCfg = Debug|Win32
		{F70B9DD1-B2F1-4A9B-BA9D-99220DCBB184}.Debug_MD|Win32.Build.0 = Debug|Win32
		{F70B9DD1-B2F1-4A9B-BA9D-99220DCBB184}.Debug|NaCl32.ActiveCfg = Debug|NaCl32
		{F70B9DD1-B2F1-4A9B-BA9D-99220DCBB184}.Debug|NaCl32.Build.0 = Debug|NaCl32
		{F70B9DD1-B2F1-4A9B-BA9D-99220DCBB184}.Debug|NaCl64.ActiveCfg = Debug|NaCl64
		{F70B9DD1-B2F1-4A9B-BA9D-99220DCBB184}.Debug|NaCl64.Build.0 = Debug|NaCl64
		{F70B9DD1-B2F1-4A9B-BA9D-99220DCBB184}.Debug|PPAPI.ActiveCfg = Debug|PPAPI
		{F70B9DD1-B2F1-4A9B-BA9D-99220DCBB184}.Debug|PPAPI.Build.0 = Debug|PPAPI
		{F70B9DD1-B2F1-4A9B-BA9D-99220DCBB184}.Debug|Win32.ActiveCfg = Debug|Win32
		{F70B9DD1-B2F1-4A9B-BA9D-99220DCBB184}.Debug|Win32.Build.0 = Debug|Win32
		{F70B9DD1-B2F1-4A9B-BA9D-99220DCBB184}.Release_MD|NaCl32.ActiveCfg = Release|Win32
		{F70B9DD1-B2F1-4A9B-BA9D-99220DCBB184}.Release_MD|NaCl64.ActiveCfg = Release|Win32
		{F70B9DD1-B2F1-4A9B-BA9D-99220DCBB184}.Release_MD|PPAPI.ActiveCfg = Release|Win32
		{F70B9DD1-B2F1-4A9B-BA9D-99220DCBB184}.Release_MD|Win32.ActiveCfg = Release|Win32
		{F70B9DD1-B2F1-4A9B-BA9D-99220DCBB184}.Release_MD|Win32.Build.0 = Release|Win32
		{F70B9DD1-B2F1-4A9B-BA9D-99220DCBB184}.Release|NaCl32.ActiveCfg = Release|NaCl32
		{F70B9DD1-B2F1-4A9B-BA9D-99220DCBB184}.Release|NaCl32.Build.0 = Release|NaCl32
		{F70B9DD1-B2F1-4A9B-BA9D-99220DCBB184}.Release|NaCl64.ActiveCfg = Release|NaCl64
		{F70B9DD1-B2F1-4A9B-BA9D-99220DCBB184}.Release|NaCl64.Build.0 = Release|NaCl64
		{F70B9DD1-B2F1-4A9B-BA9D-99220DCBB184}.Release|PPAPI.ActiveCfg = Release|PPAPI
		{F70B9DD1-B2F1-4A9B-BA9D-99220DCBB184}.Release|PPAPI.Build.0 = Release|PPAPI
		{F70B9DD1-B2F1-4A9B-BA9D-99220DCBB184}.Release|Win32.ActiveCfg = Release|Win32
		{F70B9DD1-B2F1-4A9B-BA9D-99220DCBB184}.Release|Win32.Build.0 = Release|Win32
		{A6AB264E-E4D3-4019-858E-04522E82FEB1}.Debug(gtest)|NaCl32.ActiveCfg = Debug(gtest)|NaCl32
		{A6AB264E-E4D3-4019-858E-04522E82FEB1}.Debug(gtest)|NaCl32.Build.0 = Debug(gtest)|NaCl32
		{A6AB264E-E4D3-4019-858E-04522E82FEB1}.Debug(gtest)|NaCl64.ActiveCfg = Debug(gtest)|NaCl64
		{A6AB264E-E4D3-4019-858E-04522E82FEB1}.Debug(gtest)|NaCl64.Build.0 = Debug(gtest)|NaCl64
		{A6AB264E-E4D3-4019-858E-04522E82FEB1}.Debug(gtest)|PPAPI.ActiveCfg = Debug(gtest)|PPAPI
		{A6AB264E-E4D3-4019-858E-04522E82FEB1}.Debug(gtest)|PPAPI.Build.0 = Debug(gtest)|PPAPI
		{A6AB264E-E4D3-4019-858E-04522E82FEB1}.Debug(gtest)|Win32.ActiveCfg = Debug(gtest)|Win32
		{A6AB264E-E4D3-4019-858E-04522E82FEB1}.Debug(gtest)|Win32.Build.0 = Debug(gtest)|Win32
		{A6AB264E-E4D3-4019-858E-04522E82FEB1}.Debug(Lib)|NaCl32.ActiveCfg = Debug(Lib)|NaCl32
		{A6AB264E-E4D3-4019-858E-04522E82FEB1}.Debug(Lib)|NaCl32.Build.0 = Debug(Lib)|NaCl32
		{A6AB264E-E4D3-4019-858E-04522E82FEB1}.Debug(Lib)|NaCl64.ActiveCfg = Debug(Lib)|NaCl64
		{A6AB264E-E4D3-4019-858E-04522E82FEB1}.Debug(Lib)|NaCl64.Build.0 = Debug(Lib)|NaCl64
		{A6AB264E-E4D3-4019-858E-04522E82FEB1}.Debug(Lib)|PPAPI.ActiveCfg = Debug(Lib)|PPAPI
		{A6AB264E-E4D3-4019-858E-04522E82FEB1}.Debug(Lib)|PPAPI.Build.0 = Debug(Lib)|PPAPI
		{A6AB264E-E4D3-4019-858E-04522E82FEB1}.Debug(Lib)|Win32.ActiveCfg = Debug(Lib)|Win32
		{A6AB264E-E4D3-4019-858E-04522E82FEB1}.Debug(Lib)|Win32.Build.0 = Debug(Lib)|Win32
		{A6AB264E-E4D3-4019-858E-04522E82FEB1}.Debug(UNICODE)|NaCl32.ActiveCfg = Debug|NaCl32
		{A6AB264E-E4D3-4019-858E-04522E82FEB1}.Debug(UNICODE)|NaCl32.Build.0 = Debug|NaCl32
		{A6AB264E-E4D3-4019-858E-04522E82FEB1}.Debug(UNICODE)|NaCl64.ActiveCfg = Debug|NaCl64
		{A6AB264E-E4D3-4019-858E-04522E82FEB1}.Debug(UNICODE)|NaCl64.Build.0 = Debug|NaCl64
		{A6AB264E-E4D3-4019-858E-04522E82FEB1}.Debug(UNICODE)|PPAPI.ActiveCfg = Debug|PPAPI
		{A6AB264E-E4D3-4019-858E-04522E82FEB1}.Debug(UNICODE)|PPAPI.Build.0 = Debug|PPAPI
		{A6AB264E-E4D3-4019-858E-04522E82FEB1}.Debug(UNICODE)|Win32.ActiveCfg = Debug|Win32
		{A6AB264E-E4D3-4019-858E-04522E82FEB1}.Debug(UNICODE)|Win32.Build.0 = Debug|Win32
		{A6AB264E-E4D3-4019-858E-04522E82FEB1}.Debug_MD|NaCl32.ActiveCfg = Debug|Win32
		{A6AB264E-E4D3-4019-858E-04522E82FEB1}.Debug_MD|NaCl64.ActiveCfg = Debug|Win32
		{A6AB264E-E4D3-4019-858E-04522E82FEB1}.Debug_MD|PPAPI.ActiveCfg = Debug|Win32
		{A6AB264E-E4D3-4019-858E-04522E82FEB1}.Debug_MD|Win32.ActiveCfg = Debug|Win32
		{A6AB264E-E4D3-4019-858E-04522E82FEB1}.Debug_MD|Win32.Build.0 = Debug|Win32
		{A6AB264E-E4D3-4019-858E-04522E82FEB1}.Debug|NaCl32.ActiveCfg = Debug|NaCl32
		{A6AB264E-E4D3-4019-858E-04522E82FEB1}.Debug|NaCl32.Build.0 = Debug|NaCl32
		{A6AB264E-E4D3-4019-858E-04522E82FEB1}.Debug|NaCl64.ActiveCfg = Debug|NaCl64
		{A6AB264E-E4D3-4019-858E-04522E82FEB1}.Debug|NaCl64.Build.0 = Debug|NaCl64
		{A6AB264E-E4D3-4019-858E-04522E82FEB1}.Debug|PPAPI.ActiveCfg = Debug|PPAPI
		{A6AB264E-E4D3-4019-858E-04522E82FEB1}.Debug|PPAPI.Build.0 = Debug|PPAPI
		{A6AB264E-E4D3-4019-858E-04522E82FEB1}.Debug|Win32.ActiveCfg = Debug|Win32
		{A6AB264E-E4D3-4019-858E-04522E82FEB1}.Debug|Win32.Build.0 = Debug|Win32
		{A6AB264E-E4D3-4019-858E-04522E82FEB1}.Release_MD|NaCl32.ActiveCfg = Release|Win32
		{A6AB264E-E4D3-4019-858E-04522E82FEB1}.Release_MD|NaCl64.ActiveCfg = Release|Win32
		{A6AB264E-E4D3-4019-858E-04522E82FEB1}.Release_MD|PPAPI.ActiveCfg = Release|Win32
		{A6AB264E-E4D3-4019-858E-04522E82FEB1}.Release_MD|Win32.ActiveCfg = Release|Win32
		{A6AB264E-E4D3-4019-858E-04522E82FEB1}.Release_MD|Win32.Build.0 = Release|Win32
		{A6AB264E-E4D3-4019-858E-04522E82FEB1}.Release|NaCl32.ActiveCfg = Release|NaCl32
		{A6AB264E-E4D3-4019-858E-04522E82FEB1}.Release|NaCl32.Build.0 = Release|NaCl32
		{A6AB264E-E4D3-4019-858E-04522E82FEB1}.Release|NaCl64.ActiveCfg = Release|NaCl64
		{A6AB264E-E4D3-4019-858E-04522E82FEB1}.Release|NaCl64.Build.0 = Release|NaCl64
		{A6AB264E-E4D3-4019-858E-04522E82FEB1}.Release|PPAPI.ActiveCfg = Release|PPAPI
		{A6AB264E-E4D3-4019-858E-04522E82FEB1}.Release|PPAPI.Build.0 = Release|PPAPI
		{A6AB264E-E4D3-4019-858E-04522E82FEB1}.Release|Win32.ActiveCfg = Release|Win32
		{A6AB264E-E4D3-4019-858E-04522E82FEB1}.Release|Win32.Build.0 = Release|Win32
		{5BCC8C50-3FD2-42FE-96EE-6CC1BC33C7A4}.Debug(gtest)|NaCl32.ActiveCfg = Debug(gtest)|NaCl32
		{5BCC8C50-3FD2-42FE-96EE-6CC1BC33C7A4}.Debug(gtest)|NaCl32.Build.0 = Debug(gtest)|NaCl32
		{5BCC8C50-3FD2-42FE-96EE-6CC1BC33C7A4}.Debug(gtest)|NaCl64.ActiveCfg = Debug(gtest)|NaCl64
		{5BCC8C50-3FD2-42FE-96EE-6CC1BC33C7A4}.Debug(gtest)|NaCl64.Build.0 = Debug(gtest)|NaCl64
		{5BCC8C50-3FD2-42FE-96EE-6CC1BC33C7A4}.Debug(gtest)|PPAPI.ActiveCfg = Debug(gtest)|PPAPI
		{5BCC8C50-3FD2-42FE-96EE-6CC1BC33C7A4}.Debug(gtest)|PPAPI.Build.0 = Debug(gtest)|PPAPI
		{5BCC8C50-3FD2-42FE-96EE-6CC1BC33C7A4}.Debug(gtest)|Win32.ActiveCfg = Debug(gtest)|Win32
		{5BCC8C50-3FD2-42FE-96EE-6CC1BC33C7A4}.Debug(gtest)|Win32.Build.0 = Debug(gtest)|Win32
		{5BCC8C50-3FD2-42FE-96EE-6CC1BC33C7A4}.Debug(Lib)|NaCl32.ActiveCfg = Debug(Lib)|NaCl32
		{5BCC8C50-3FD2-42FE-96EE-6CC1BC33C7A4}.Debug(Lib)|NaCl32.Build.0 = Debug(Lib)|NaCl32
		{5BCC8C50-3FD2-42FE-96EE-6CC1BC33C7A4}.Debug(Lib)|NaCl64.ActiveCfg = Debug(Lib)|NaCl64
		{5BCC8C50-3FD2-42FE-96EE-6CC1BC33C7A4}.Debug(Lib)|NaCl64.Build.0 = Debug(Lib)|NaCl64
		{5BCC8C50-3FD2-42FE-96EE-6CC1BC33C7A4}.Debug(Lib)|PPAPI.ActiveCfg = Debug(Lib)|PPAPI
		{5BCC8C50-3FD2-42FE-96EE-6CC1BC33C7A4}.Debug(Lib)|PPAPI.Build.0 = Debug(Lib)|PPAPI
		{5BCC8C50-3FD2-42FE-96EE-6CC1BC33C7A4}.Debug(Lib)|Win32.ActiveCfg = Debug(Lib)|Win32
		{5BCC8C50-3FD2-42FE-96EE-6CC1BC33C7A4}.Debug(Lib)|Win32.Build.0 = Debug(Lib)|Win32
		{5BCC8C50-3FD2-42FE-96EE-6CC1BC33C7A4}.Debug(UNICODE)|NaCl32.ActiveCfg = Debug|NaCl32
		{5BCC8C50-3FD2-42FE-96EE-6CC1BC33C7A4}.Debug(UNICODE)|NaCl32.Build.0 = Debug|NaCl32
		{5BCC8C50-3FD2-42FE-96EE-6CC1BC33C7A4}.Debug(UNICODE)|NaCl64.ActiveCfg = Debug|NaCl64
		{5BCC8C50-3FD2-42FE-96EE-6CC1BC33C7A4}.Debug(UNICODE)|NaCl64.Build.0 = Debug|NaCl64
		{5BCC8C50-3FD2-42FE-96EE-6CC1BC33C7A4}.Debug(UNICODE)|PPAPI.ActiveCfg = Debug|PPAPI
		{5BCC8C50-3FD2-42FE-96EE-6CC1BC33C7A4}.Debug(UNICODE)|PPAPI.Build.0 = Debug|PPAPI
		{5BCC8C50-3FD2-42FE-96EE-6CC1BC33C7A4}.Debug(UNICODE)|Win32.ActiveCfg = Debug|Win32
		{5BCC8C50-3FD2-42FE-96EE-6CC1BC33C7A4}.Debug(UNICODE)|Win32.Build.0 = Debug|Win32
		{5BCC8C50-3FD2-42FE-96EE-6CC1BC33C7A4}.Debug_MD|NaCl32.ActiveCfg = Debug|Win32
		{5BCC8C50-3FD2-42FE-96EE-6CC1BC33C7A4}.Debug_MD|NaCl64.ActiveCfg = Debug|Win32
		{5BCC8C50-3FD2-42FE-96EE-6CC1BC33C7A4}.Debug_MD|PPAPI.ActiveCfg = Debug|Win32
		{5BCC8C50-3FD2-42FE-96EE-6CC1BC33C7A4}.Debug_MD|Win32.ActiveCfg = Debug|Win32
		{5BCC8C50-3FD2-42FE-96EE-6CC1BC33C7A4}.Debug_MD|Win32.Build.0 = Debug|Win32
		{5BCC8C50-3FD2-42FE-96EE-6CC1BC33C7A4}.Debug|NaCl32.ActiveCfg = Debug|NaCl32
		{5BCC8C50-3FD2-42FE-96EE-6CC1BC33C7A4}.Debug|NaCl32.Build.0 = Debug|NaCl32
		{5BCC8C50-3FD2-42FE-96EE-6CC1BC33C7A4}.Debug|NaCl64.ActiveCfg = Debug|NaCl64
		{5BCC8C50-3FD2-42FE-96EE-6CC1BC33C7A4}.Debug|NaCl64.Build.0 = Debug|NaCl64
		{5BCC8C50-3FD2-42FE-96EE-6CC1BC33C7A4}.Debug|PPAPI.ActiveCfg = Debug|PPAPI
		{5BCC8C50-3FD2-42FE-96EE-6CC1BC33C7A4}.Debug|PPAPI.Build.0 = Debug|PPAPI
		{5BCC8C50-3FD2-42FE-96EE-6CC1BC33C7A4}.Debug|Win32.ActiveCfg = Debug|Win32
		{5BCC8C50-3FD2-42FE-96EE-6CC1BC33C7A4}.Debug|Win32.Build.0 = Debug|Win32
		{5BCC8C50-3FD2-42FE-96EE-6CC1BC33C7A4}.Release_MD|NaCl32.ActiveCfg = Release|Win32
		{5BCC8C50-3FD2-42FE-96EE-6CC1BC33C7A4}.Release_MD|NaCl64.ActiveCfg = Release|Win32
		{5BCC8C50-3FD2-42FE-96EE-6CC1BC33C7A4}.Release_MD|PPAPI.ActiveCfg = Release|Win32
		{5BCC8C50-3FD2-42FE-96EE-6CC1BC33C7A4}.Release_MD|Win32.ActiveCfg = Release|Win32
		{5BCC8C50-3FD2-42FE-96EE-6CC1BC33C7A4}.Release_MD|Win32.Build.0 = Release|Win32
		{5BCC8C50-3FD2-42FE-96EE-6CC1BC33C7A4}.Release|NaCl32.ActiveCfg = Release|NaCl32
		{5BCC8C50-3FD2-42FE-96EE-6CC1BC33C7A4}.Release|NaCl32.Build.0 = Release|NaCl32
		{5BCC8C50-3FD2-42FE-96EE-6CC1BC33C7A4}.Release|NaCl64.ActiveCfg = Release|NaCl64
		{5BCC8C50-3FD2-42FE-96EE-6CC1BC33C7A4}.Release|NaCl64.Build.0 = Release|NaCl64
		{5BCC8C50-3FD2-42FE-96EE-6CC1BC33C7A4}.Release|PPAPI.ActiveCfg = Release|PPAPI
		{5BCC8C50-3FD2-42FE-96EE-6CC1BC33C7A4}.Release|PPAPI.Build.0 = Release|PPAPI
		{5BCC8C50-3FD2-42FE-96EE-6CC1BC33C7A4}.Release|Win32.ActiveCfg = Release|Win32
		{5BCC8C50-3FD2-42FE-96EE-6CC1BC33C7A4}.Release|Win32.Build.0 = Release|Win32
		{80D795EE-6B3D-4DEF-9084-F3DA618FC294}.Debug(gtest)|NaCl32.ActiveCfg = Debug(gtest)|NaCl32
		{80D795EE-6B3D-4DEF-9084-F3DA618FC294}.Debug(gtest)|NaCl32.Build.0 = Debug(gtest)|NaCl32
		{80D795EE-6B3D-4DEF-9084-F3DA618FC294}.Debug(gtest)|NaCl64.ActiveCfg = Debug(gtest)|NaCl64
		{80D795EE-6B3D-4DEF-9084-F3DA618FC294}.Debug(gtest)|NaCl64.Build.0 = Debug(gtest)|NaCl64
		{80D795EE-6B3D-4DEF-9084-F3DA618FC294}.Debug(gtest)|PPAPI.ActiveCfg = Debug(gtest)|Win32
		{80D795EE-6B3D-4DEF-9084-F3DA618FC294}.Debug(gtest)|Win32.ActiveCfg = Debug(gtest)|Win32
		{80D795EE-6B3D-4DEF-9084-F3DA618FC294}.Debug(gtest)|Win32.Build.0 = Debug(gtest)|Win32
		{80D795EE-6B3D-4DEF-9084-F3DA618FC294}.Debug(Lib)|NaCl32.ActiveCfg = Debug(Lib)|NaCl32
		{80D795EE-6B3D-4DEF-9084-F3DA618FC294}.Debug(Lib)|NaCl32.Build.0 = Debug(Lib)|NaCl32
		{80D795EE-6B3D-4DEF-9084-F3DA618FC294}.Debug(Lib)|NaCl64.ActiveCfg = Debug(Lib)|NaCl64
		{80D795EE-6B3D-4DEF-9084-F3DA618FC294}.Debug(Lib)|NaCl64.Build.0 = Debug(Lib)|NaCl64
		{80D795EE-6B3D-4DEF-9084-F3DA618FC294}.Debug(Lib)|PPAPI.ActiveCfg = Debug(Lib)|Win32
		{80D795EE-6B3D-4DEF-9084-F3DA618FC294}.Debug(Lib)|Win32.ActiveCfg = Debug(Lib)|Win32
		{80D795EE-6B3D-4DEF-9084-F3DA618FC294}.Debug(Lib)|Win32.Build.0 = Debug(Lib)|Win32
		{80D795EE-6B3D-4DEF-9084-F3DA618FC294}.Debug(UNICODE)|NaCl32.ActiveCfg = Debug|NaCl32
		{80D795EE-6B3D-4DEF-9084-F3DA618FC294}.Debug(UNICODE)|NaCl32.Build.0 = Debug|NaCl32
		{80D795EE-6B3D-4DEF-9084-F3DA618FC294}.Debug(UNICODE)|NaCl64.ActiveCfg = Debug|NaCl64
		{80D795EE-6B3D-4DEF-9084-F3DA618FC294}.Debug(UNICODE)|NaCl64.Build.0 = Debug|NaCl64
		{80D795EE-6B3D-4DEF-9084-F3DA618FC294}.Debug(UNICODE)|PPAPI.ActiveCfg = Debug(Lib)|Win32
		{80D795EE-6B3D-4DEF-9084-F3DA618FC294}.Debug(UNICODE)|Win32.ActiveCfg = Debug|Win32
		{80D795EE-6B3D-4DEF-9084-F3DA618FC294}.Debug(UNICODE)|Win32.Build.0 = Debug|Win32
		{80D795EE-6B3D-4DEF-9084-F3DA618FC294}.Debug_MD|NaCl32.ActiveCfg = Debug|Win32
		{80D795EE-6B3D-4DEF-9084-F3DA618FC294}.Debug_MD|NaCl64.ActiveCfg = Debug|Win32
		{80D795EE-6B3D-4DEF-9084-F3DA618FC294}.Debug_MD|PPAPI.ActiveCfg = Debug|Win32
		{80D795EE-6B3D-4DEF-9084-F3DA618FC294}.Debug_MD|Win32.ActiveCfg = Debug|Win32
		{80D795EE-6B3D-4DEF-9084-F3DA618FC294}.Debug_MD|Win32.Build.0 = Debug|Win32
		{80D795EE-6B3D-4DEF-9084-F3DA618FC294}.Debug|NaCl32.ActiveCfg = Debug|NaCl32
		{80D795EE-6B3D-4DEF-9084-F3DA618FC294}.Debug|NaCl32.Build.0 = Debug|NaCl32
		{80D795EE-6B3D-4DEF-9084-F3DA618FC294}.Debug|NaCl64.ActiveCfg = Debug|NaCl64
		{80D795EE-6B3D-4DEF-9084-F3DA618FC294}.Debug|NaCl64.Build.0 = Debug|NaCl64
		{80D795EE-6B3D-4DEF-9084-F3DA618FC294}.Debug|PPAPI.ActiveCfg = Debug|Win32
		{80D795EE-6B3D-4DEF-9084-F3DA618FC294}.Debug|Win32.ActiveCfg = Debug|Win32
		{80D795EE-6B3D-4DEF-9084-F3DA618FC294}.Debug|Win32.Build.0 = Debug|Win32
		{80D795EE-6B3D-4DEF-9084-F3DA618FC294}.Release_MD|NaCl32.ActiveCfg = Release|Win32
		{80D795EE-6B3D-4DEF-9084-F3DA618FC294}.Release_MD|NaCl64.ActiveCfg = Release|Win32
		{80D795EE-6B3D-4DEF-9084-F3DA618FC294}.Release_MD|PPAPI.ActiveCfg = Release|Win32
		{80D795EE-6B3D-4DEF-9084-F3DA618FC294}.Release_MD|Win32.ActiveCfg = Release|Win32
		{80D795EE-6B3D-4DEF-9084-F3DA618FC294}.Release_MD|Win32.Build.0 = Release|Win32
		{80D795EE-6B3D-4DEF-9084-F3DA618FC294}.Release|NaCl32.ActiveCfg = Release|NaCl32
		{80D795EE-6B3D-4DEF-9084-F3DA618FC294}.Release|NaCl32.Build.0 = Release|NaCl32
		{80D795EE-6B3D-4DEF-9084-F3DA618FC294}.Release|NaCl64.ActiveCfg = Release|NaCl64
		{80D795EE-6B3D-4DEF-9084-F3DA618FC294}.Release|NaCl64.Build.0 = Release|NaCl64
		{80D795EE-6B3D-4DEF-9084-F3DA618FC294}.Release|PPAPI.ActiveCfg = Release|Win32
		{80D795EE-6B3D-4DEF-9084-F3DA618FC294}.Release|Win32.ActiveCfg = Release|Win32
		{80D795EE-6B3D-4DEF-9084-F3DA618FC294}.Release|Win32.Build.0 = Release|Win32
		{C46DA5A4-27B5-4A0C-97D0-F5D0B9881087}.Debug(gtest)|NaCl32.ActiveCfg = Debug|Win32
		{C46DA5A4-27B5-4A0C-97D0-F5D0B9881087}.Debug(gtest)|NaCl64.ActiveCfg = Debug|Win32
		{C46DA5A4-27B5-4A0C-97D0-F5D0B9881087}.Debug(gtest)|PPAPI.ActiveCfg = Debug|Win32
		{C46DA5A4-27B5-4A0C-97D0-F5D0B9881087}.Debug(gtest)|Win32.ActiveCfg = Debug|Win32
		{C46DA5A4-27B5-4A0C-97D0-F5D0B9881087}.Debug(gtest)|Win32.Build.0 = Debug|Win32
		{C46DA5A4-27B5-4A0C-97D0-F5D0B9881087}.Debug(Lib)|NaCl32.ActiveCfg = Debug_MD|Win32
		{C46DA5A4-27B5-4A0C-97D0-F5D0B9881087}.Debug(Lib)|NaCl64.ActiveCfg = Debug_MD|Win32
		{C46DA5A4-27B5-4A0C-97D0-F5D0B9881087}.Debug(Lib)|PPAPI.ActiveCfg = Debug_MD|Win32
		{C46DA5A4-27B5-4A0C-97D0-F5D0B9881087}.Debug(Lib)|Win32.ActiveCfg = Debug_MD|Win32
		{C46DA5A4-27B5-4A0C-97D0-F5D0B9881087}.Debug(Lib)|Win32.Build.0 = Debug_MD|Win32
		{C46DA5A4-27B5-4A0C-97D0-F5D0B9881087}.Debug(UNICODE)|NaCl32.ActiveCfg = Debug|Win32
		{C46DA5A4-27B5-4A0C-97D0-F5D0B9881087}.Debug(UNICODE)|NaCl64.ActiveCfg = Debug|Win32
		{C46DA5A4-27B5-4A0C-97D0-F5D0B9881087}.Debug(UNICODE)|PPAPI.ActiveCfg = Debug|Win32
		{C46DA5A4-27B5-4A0C-97D0-F5D0B9881087}.Debug(UNICODE)|Win32.ActiveCfg = Debug|Win32
		{C46DA5A4-27B5-4A0C-97D0-F5D0B9881087}.Debug(UNICODE)|Win32.Build.0 = Debug|Win32
		{C46DA5A4-27B5-4A0C-97D0-F5D0B9881087}.Debug_MD|NaCl32.ActiveCfg = Debug_MD|Win32
		{C46DA5A4-27B5-4A0C-97D0-F5D0B9881087}.Debug_MD|NaCl64.ActiveCfg = Debug_MD|Win32
		{C46DA5A4-27B5-4A0C-97D0-F5D0B9881087}.Debug_MD|PPAPI.ActiveCfg = Debug_MD|Win32
		{C46DA5A4-27B5-4A0C-97D0-F5D0B9881087}.Debug_MD|Win32.ActiveCfg = Debug_MD|Win32
		{C46DA5A4-27B5-4A0C-97D0-F5D0B9881087}.Debug_MD|Win32.Build.0 = Debug_MD|Win32
		{C46DA5A4-27B5-4A0C-97D0-F5D0B9881087}.Debug|NaCl32.ActiveCfg = Debug|Win32
		{C46DA5A4-27B5-4A0C-97D0-F5D0B9881087}.Debug|NaCl64.ActiveCfg = Debug|Win32
		{C46DA5A4-27B5-4A0C-97D0-F5D0B9881087}.Debug|PPAPI.ActiveCfg = Debug|Win32
		{C46DA5A4-27B5-4A0C-97D0-F5D0B9881087}.Debug|Win32.ActiveCfg = Debug|Win32
		{C46DA5A4-27B5-4A0C-97D0-F5D0B9881087}.Debug|Win32.Build.0 = Debug|Win32
		{C46DA5A4-27B5-4A0C-97D0-F5D0B9881087}.Release_MD|NaCl32.ActiveCfg = Release_MD|Win32
		{C46DA5A4-27B5-4A0C-97D0-F5D0B9881087}.Release_MD|NaCl64.ActiveCfg = Release_MD|Win32
		{C46DA5A4-27B5-4A0C-97D0-F5D0B9881087}.Release_MD|PPAPI.ActiveCfg = Release_MD|Win32
		{C46DA5A4-27B5-4A0C-97D0-F5D0B9881087}.Release_MD|Win32.ActiveCfg = Release_MD|Win32
		{C46DA5A4-27B5-4A0C-97D0-F5D0B9881087}.Release_MD|Win32.Build.0 = Release_MD|Win32
		{C46DA5A4-27B5-4A0C-97D0-F5D0B9881087}.Release|NaCl32.ActiveCfg = Release|Win32
		{C46DA5A4-27B5-4A0C-97D0-F5D0B9881087}.Release|NaCl64.ActiveCfg = Release|Win32
		{C46DA5A4-27B5-4A0C-97D0-F5D0B9881087}.Release|PPAPI.ActiveCfg = Release|Win32
		{C46DA5A4-27B5-4A0C-97D0-F5D0B9881087}.Release|Win32.ActiveCfg = Release|Win32
		{C46DA5A4-27B5-4A0C-97D0-F5D0B9881087}.Release|Win32.Build.0 = Release|Win32
		{264A677C-4EA1-4898-94F2-D6352788FB36}.Debug(gtest)|NaCl32.ActiveCfg = Debug|Win32
		{264A677C-4EA1-4898-94F2-D6352788FB36}.Debug(gtest)|NaCl64.ActiveCfg = Debug|Win32
		{264A677C-4EA1-4898-94F2-D6352788FB36}.Debug(gtest)|PPAPI.ActiveCfg = Debug|Win32
		{264A677C-4EA1-4898-94F2-D6352788FB36}.Debug(gtest)|Win32.ActiveCfg = Debug|Win32
		{264A677C-4EA1-4898-94F2-D6352788FB36}.Debug(gtest)|Win32.Build.0 = Debug|Win32
		{264A677C-4EA1-4898-94F2-D6352788FB36}.Debug(Lib)|NaCl32.ActiveCfg = Debug|Win32
		{264A677C-4EA1-4898-94F2-D6352788FB36}.Debug(Lib)|NaCl64.ActiveCfg = Debug|Win32
		{264A677C-4EA1-4898-94F2-D6352788FB36}.Debug(Lib)|PPAPI.ActiveCfg = Debug|Win32
		{264A677C-4EA1-4898-94F2-D6352788FB36}.Debug(Lib)|Win32.ActiveCfg = Debug_MD|Win32
		{264A677C-4EA1-4898-94F2-D6352788FB36}.Debug(Lib)|Win32.Build.0 = Debug_MD|Win32
		{264A677C-4EA1-4898-94F2-D6352788FB36}.Debug(UNICODE)|NaCl32.ActiveCfg = Debug|Win32
		{264A677C-4EA1-4898-94F2-D6352788FB36}.Debug(UNICODE)|NaCl64.ActiveCfg = Debug|Win32
		{264A677C-4EA1-4898-94F2-D6352788FB36}.Debug(UNICODE)|PPAPI.ActiveCfg = Debug|Win32
		{264A677C-4EA1-4898-94F2-D6352788FB36}.Debug(UNICODE)|Win32.ActiveCfg = Debug|Win32
		{264A677C-4EA1-4898-94F2-D6352788FB36}.Debug(UNICODE)|Win32.Build.0 = Debug|Win32
		{264A677C-4EA1-4898-94F2-D6352788FB36}.Debug_MD|NaCl32.ActiveCfg = Debug_MD|Win32
		{264A677C-4EA1-4898-94F2-D6352788FB36}.Debug_MD|NaCl64.ActiveCfg = Debug_MD|Win32
		{264A677C-4EA1-4898-94F2-D6352788FB36}.Debug_MD|PPAPI.ActiveCfg = Debug_MD|Win32
		{264A677C-4EA1-4898-94F2-D6352788FB36}.Debug_MD|Win32.ActiveCfg = Debug_MD|Win32
		{264A677C-4EA1-4898-94F2-D6352788FB36}.Debug_MD|Win32.Build.0 = Debug_MD|Win32
		{264A677C-4EA1-4898-94F2-D6352788FB36}.Debug|NaCl32.ActiveCfg = Debug|Win32
		{264A677C-4EA1-4898-94F2-D6352788FB36}.Debug|NaCl64.ActiveCfg = Debug|Win32
		{264A677C-4EA1-4898-94F2-D6352788FB36}.Debug|PPAPI.ActiveCfg = Debug|Win32
		{264A677C-4EA1-4898-94F2-D6352788FB36}.Debug|Win32.ActiveCfg = Debug|Win32
		{264A677C-4EA1-4898-94F2-D6352788FB36}.Debug|Win32.Build.0 = Debug|Win32
		{264A677C-4EA1-4898-94F2-D6352788FB36}.Release_MD|NaCl32.ActiveCfg = Release_MD|Win32
		{264A677C-4EA1-4898-94F2-D6352788FB36}.Release_MD|NaCl64.ActiveCfg = Release_MD|Win32
		{264A677C-4EA1-4898-94F2-D6352788FB36}.Release_MD|PPAPI.ActiveCfg = Release_MD|Win32
		{264A677C-4EA1-4898-94F2-D6352788FB36}.Release_MD|Win32.ActiveCfg = Release_MD|Win32
		{264A677C-4EA1-4898-94F2-D6352788FB36}.Release_MD|Win32.Build.0 = Release_MD|Win32
		{264A677C-4EA1-4898-94F2-D6352788FB36}.Release|NaCl32.ActiveCfg = Release|Win32
		{264A677C-4EA1-4898-94F2-D6352788FB36}.Release|NaCl64.ActiveCfg = Release|Win32
		{264A677C-4EA1-4898-94F2-D6352788FB36}.Release|PPAPI.ActiveCfg = Release|Win32
		{264A677C-4EA1-4898-94F2-D6352788FB36}.Release|Win32.ActiveCfg = Release|Win32
		{264A677C-4EA1-4898-94F2-D6352788FB36}.Release|Win32.Build.0 = Release|Win32
	EndGlobalSection
	GlobalSection(SolutionProperties) = preSolution
		HideSolutionNode = FALSE
	EndGlobalSection
EndGlobal
