
Microsoft Visual Studio Solution File, Format Version 9.00
# Visual Studio 2005
Project("{8BC9CEB8-8B4A-11D0-8D11-00A0C91BC942}") = "iutest_sample", "iutest_sample.vcproj", "{BF7DC222-4B3A-400A-B657-2404A543D39E}"
EndProject
Global
	GlobalSection(SolutionConfigurationPlatforms) = preSolution
		Debug|Pocket PC 2003 (ARMV4) = Debug|Pocket PC 2003 (ARMV4)
		Debug|Smartphone 2003 (ARMV4) = Debug|Smartphone 2003 (ARMV4)
		Debug|Windows Mobile 6.5.3 Professional DTK (ARMV4I) = Debug|Windows Mobile 6.5.3 Professional DTK (ARMV4I)
		Release|Pocket PC 2003 (ARMV4) = Release|Pocket PC 2003 (ARMV4)
		Release|Smartphone 2003 (ARMV4) = Release|Smartphone 2003 (ARMV4)
		Release|Windows Mobile 6.5.3 Professional DTK (ARMV4I) = Release|Windows Mobile 6.5.3 Professional DTK (ARMV4I)
	EndGlobalSection
	GlobalSection(ProjectConfigurationPlatforms) = postSolution
		{BF7DC222-4B3A-400A-B657-2404A543D39E}.Debug|Pocket PC 2003 (ARMV4).ActiveCfg = Debug|Pocket PC 2003 (ARMV4)
		{BF7DC222-4B3A-400A-B657-2404A543D39E}.Debug|Pocket PC 2003 (ARMV4).Build.0 = Debug|Pocket PC 2003 (ARMV4)
		{BF7DC222-4B3A-400A-B657-2404A543D39E}.Debug|Pocket PC 2003 (ARMV4).Deploy.0 = Debug|Pocket PC 2003 (ARMV4)
		{BF7DC222-4B3A-400A-B657-2404A543D39E}.Debug|Smartphone 2003 (ARMV4).ActiveCfg = Debug|Smartphone 2003 (ARMV4)
		{BF7DC222-4B3A-400A-B657-2404A543D39E}.Debug|Smartphone 2003 (ARMV4).Build.0 = Debug|Smartphone 2003 (ARMV4)
		{BF7DC222-4B3A-400A-B657-2404A543D39E}.Debug|Smartphone 2003 (ARMV4).Deploy.0 = Debug|Smartphone 2003 (ARMV4)
		{BF7DC222-4B3A-400A-B657-2404A543D39E}.Debug|Windows Mobile 6.5.3 Professional DTK (ARMV4I).ActiveCfg = Debug|Windows Mobile 6.5.3 Professional DTK (ARMV4I)
		{BF7DC222-4B3A-400A-B657-2404A543D39E}.Debug|Windows Mobile 6.5.3 Professional DTK (ARMV4I).Build.0 = Debug|Windows Mobile 6.5.3 Professional DTK (ARMV4I)
		{BF7DC222-4B3A-400A-B657-2404A543D39E}.Debug|Windows Mobile 6.5.3 Professional DTK (ARMV4I).Deploy.0 = Debug|Windows Mobile 6.5.3 Professional DTK (ARMV4I)
		{BF7DC222-4B3A-400A-B657-2404A543D39E}.Release|Pocket PC 2003 (ARMV4).ActiveCfg = Release|Pocket PC 2003 (ARMV4)
		{BF7DC222-4B3A-400A-B657-2404A543D39E}.Release|Pocket PC 2003 (ARMV4).Build.0 = Release|Pocket PC 2003 (ARMV4)
		{BF7DC222-4B3A-400A-B657-2404A543D39E}.Release|Pocket PC 2003 (ARMV4).Deploy.0 = Release|Pocket PC 2003 (ARMV4)
		{BF7DC222-4B3A-400A-B657-2404A543D39E}.Release|Smartphone 2003 (ARMV4).ActiveCfg = Release|Smartphone 2003 (ARMV4)
		{BF7DC222-4B3A-400A-B657-2404A543D39E}.Release|Smartphone 2003 (ARMV4).Build.0 = Release|Smartphone 2003 (ARMV4)
		{BF7DC222-4B3A-400A-B657-2404A543D39E}.Release|Smartphone 2003 (ARMV4).Deploy.0 = Release|Smartphone 2003 (ARMV4)
		{BF7DC222-4B3A-400A-B657-2404A543D39E}.Release|Windows Mobile 6.5.3 Professional DTK (ARMV4I).ActiveCfg = Release|Windows Mobile 6.5.3 Professional DTK (ARMV4I)
		{BF7DC222-4B3A-400A-B657-2404A543D39E}.Release|Windows Mobile 6.5.3 Professional DTK (ARMV4I).Build.0 = Release|Windows Mobile 6.5.3 Professional DTK (ARMV4I)
		{BF7DC222-4B3A-400A-B657-2404A543D39E}.Release|Windows Mobile 6.5.3 Professional DTK (ARMV4I).Deploy.0 = Release|Windows Mobile 6.5.3 Professional DTK (ARMV4I)
	EndGlobalSection
	GlobalSection(SolutionProperties) = preSolution
		HideSolutionNode = FALSE
	EndGlobalSection
EndGlobal
