<?xml version="1.0" encoding="utf-8"?>
<Project ToolsVersion="4.0" xmlns="http://schemas.microsoft.com/developer/msbuild/2003">
  <ItemGroup>
    <Filter Include="src">
      <UniqueIdentifier>{4FC737F1-C7A5-4376-A066-2A32D752A2FF}</UniqueIdentifier>
      <Extensions>cpp;c;cc;cxx;def;odl;idl;hpj;bat;asm;asmx</Extensions>
    </Filter>
    <Filter Include="iutest">
      <UniqueIdentifier>{da5a7ddb-8507-4cd3-bebc-8fd7102c1046}</UniqueIdentifier>
    </Filter>
    <Filter Include="iutest\internal">
      <UniqueIdentifier>{a96a3c83-e925-4b9e-a46a-e4e52550f36b}</UniqueIdentifier>
    </Filter>
    <Filter Include="iutest\listener">
      <UniqueIdentifier>{722f2e6b-a428-414b-917c-9166b70c5394}</UniqueIdentifier>
    </Filter>
    <Filter Include="iutest\gtest">
      <UniqueIdentifier>{84683c1d-27fe-4c9a-84ce-725a225e051d}</UniqueIdentifier>
    </Filter>
    <Filter Include="iutest\gtest\switch">
      <UniqueIdentifier>{50f04f1f-4144-491a-a72d-bf2fd84ca3f9}</UniqueIdentifier>
    </Filter>
    <Filter Include="iutest\util">
      <UniqueIdentifier>{b2e6c296-b093-4986-9c0f-35935a720d4d}</UniqueIdentifier>
    </Filter>
    <Filter Include="iutest\impl">
      <UniqueIdentifier>{fa7484f1-b0c7-448c-8c1b-d1de60a1b529}</UniqueIdentifier>
    </Filter>
    <Filter Include="doxygen">
      <UniqueIdentifier>{90692482-a158-47f4-8a67-416281252b7b}</UniqueIdentifier>
    </Filter>
  </ItemGroup>
  <ItemGroup>
    <ClCompile Include="..\..\src\iutest_all.cpp">
      <Filter>src</Filter>
    </ClCompile>
  </ItemGroup>
  <ItemGroup>
    <ClInclude Include="..\..\include\iutest.hpp">
      <Filter>iutest</Filter>
    </ClInclude>
    <ClInclude Include="..\..\include\iutest_assertion.hpp">
      <Filter>iutest</Filter>
    </ClInclude>
    <ClInclude Include="..\..\include\iutest_body.hpp">
      <Filter>iutest</Filter>
    </ClInclude>
    <ClInclude Include="..\..\include\iutest_suite.hpp">
      <Filter>iutest</Filter>
    </ClInclude>
    <ClInclude Include="..\..\include\iutest_config.hpp">
      <Filter>iutest</Filter>
    </ClInclude>
    <ClInclude Include="..\..\include\iutest_core.hpp">
      <Filter>iutest</Filter>
    </ClInclude>
    <ClInclude Include="..\..\include\iutest_defs.hpp">
      <Filter>iutest</Filter>
    </ClInclude>
    <ClInclude Include="..\..\include\iutest_env.hpp">
      <Filter>iutest</Filter>
    </ClInclude>
    <ClInclude Include="..\..\include\iutest_info.hpp">
      <Filter>iutest</Filter>
    </ClInclude>
    <ClInclude Include="..\..\include\iutest_listener.hpp">
      <Filter>iutest</Filter>
    </ClInclude>
    <ClInclude Include="..\..\include\iutest_package.hpp">
      <Filter>iutest</Filter>
    </ClInclude>
    <ClInclude Include="..\..\include\iutest_param_tests.hpp">
      <Filter>iutest</Filter>
    </ClInclude>
    <ClInclude Include="..\..\include\iutest_pred.hpp">
      <Filter>iutest</Filter>
    </ClInclude>
    <ClInclude Include="..\..\include\iutest_printers.hpp">
      <Filter>iutest</Filter>
    </ClInclude>
    <ClInclude Include="..\..\include\iutest_prod.hpp">
      <Filter>iutest</Filter>
    </ClInclude>
    <ClInclude Include="..\..\include\iutest_result.hpp">
      <Filter>iutest</Filter>
    </ClInclude>
    <ClInclude Include="..\..\include\iutest_spi.hpp">
      <Filter>iutest</Filter>
    </ClInclude>
    <ClInclude Include="..\..\include\iutest_static_assertion.hpp">
      <Filter>iutest</Filter>
    </ClInclude>
    <ClInclude Include="..\..\include\iutest_typed_tests.hpp">
      <Filter>iutest</Filter>
    </ClInclude>
    <ClInclude Include="..\..\include\iutest_util.hpp">
      <Filter>iutest</Filter>
    </ClInclude>
    <ClInclude Include="..\..\include\iutest_ver.hpp">
      <Filter>iutest</Filter>
    </ClInclude>
    <ClInclude Include="..\..\include\internal\iutest_charcode.hpp">
      <Filter>iutest\internal</Filter>
    </ClInclude>
    <ClInclude Include="..\..\include\internal\iutest_compiler.hpp">
      <Filter>iutest\internal</Filter>
    </ClInclude>
    <ClInclude Include="..\..\include\internal\iutest_console.hpp">
      <Filter>iutest\internal</Filter>
    </ClInclude>
    <ClInclude Include="..\..\include\internal\iutest_constant.hpp">
      <Filter>iutest\internal</Filter>
    </ClInclude>
    <ClInclude Include="..\..\include\internal\iutest_core_impl.hpp">
      <Filter>iutest\internal</Filter>
    </ClInclude>
    <ClInclude Include="..\..\include\internal\iutest_debug.hpp">
      <Filter>iutest\internal</Filter>
    </ClInclude>
    <ClInclude Include="..\..\include\internal\iutest_exception.hpp">
      <Filter>iutest\internal</Filter>
    </ClInclude>
    <ClInclude Include="..\..\include\internal\iutest_factory.hpp">
      <Filter>iutest\internal</Filter>
    </ClInclude>
    <ClInclude Include="..\..\include\internal\iutest_file.hpp">
      <Filter>iutest\internal</Filter>
    </ClInclude>
    <ClInclude Include="..\..\include\internal\iutest_filepath.hpp">
      <Filter>iutest\internal</Filter>
    </ClInclude>
    <ClInclude Include="..\..\include\internal\iutest_genparams.hpp">
      <Filter>iutest\internal</Filter>
    </ClInclude>
    <ClInclude Include="..\..\include\internal\iutest_internal.hpp">
      <Filter>iutest\internal</Filter>
    </ClInclude>
    <ClInclude Include="..\..\include\internal\iutest_internal_defs.hpp">
      <Filter>iutest\internal</Filter>
    </ClInclude>
    <ClInclude Include="..\..\include\internal\iutest_list.hpp">
      <Filter>iutest\internal</Filter>
    </ClInclude>
    <ClInclude Include="..\..\include\internal\iutest_mediator.hpp">
      <Filter>iutest\internal</Filter>
    </ClInclude>
    <ClInclude Include="..\..\include\internal\iutest_message.hpp">
      <Filter>iutest\internal</Filter>
    </ClInclude>
    <ClInclude Include="..\..\include\internal\iutest_option_message.hpp">
      <Filter>iutest\internal</Filter>
    </ClInclude>
    <ClInclude Include="..\..\include\internal\iutest_params_util.hpp">
      <Filter>iutest\internal</Filter>
    </ClInclude>
    <ClInclude Include="..\..\include\internal\iutest_pool.hpp">
      <Filter>iutest\internal</Filter>
    </ClInclude>
    <ClInclude Include="..\..\include\internal\iutest_port.hpp">
      <Filter>iutest\internal</Filter>
    </ClInclude>
    <ClInclude Include="..\..\include\internal\iutest_pp.hpp">
      <Filter>iutest\internal</Filter>
    </ClInclude>
    <ClInclude Include="..\..\include\internal\iutest_pragma.hpp">
      <Filter>iutest\internal</Filter>
    </ClInclude>
    <ClInclude Include="..\..\include\internal\iutest_random.hpp">
      <Filter>iutest\internal</Filter>
    </ClInclude>
    <ClInclude Include="..\..\include\internal\iutest_regex.hpp">
      <Filter>iutest\internal</Filter>
    </ClInclude>
    <ClInclude Include="..\..\include\internal\iutest_result_reporter.hpp">
      <Filter>iutest\internal</Filter>
    </ClInclude>
    <ClInclude Include="..\..\include\internal\iutest_stdlib.hpp">
      <Filter>iutest\internal</Filter>
    </ClInclude>
    <ClInclude Include="..\..\include\internal\iutest_stream.hpp">
      <Filter>iutest\internal</Filter>
    </ClInclude>
    <ClInclude Include="..\..\include\internal\iutest_string_stream.hpp">
      <Filter>iutest\internal</Filter>
    </ClInclude>
    <ClInclude Include="..\..\include\internal\iutest_string_view.hpp">
      <Filter>iutest\internal</Filter>
    </ClInclude>
    <ClInclude Include="..\..\include\internal\iutest_string.hpp">
      <Filter>iutest\internal</Filter>
    </ClInclude>
    <ClInclude Include="..\..\include\internal\iutest_time.hpp">
      <Filter>iutest\internal</Filter>
    </ClInclude>
    <ClInclude Include="..\..\include\internal\iutest_type_traits.hpp">
      <Filter>iutest\internal</Filter>
    </ClInclude>
    <ClInclude Include="..\..\include\internal\iutest_typed_util.hpp">
      <Filter>iutest\internal</Filter>
    </ClInclude>
    <ClInclude Include="..\..\include\internal\iutest_typelist.hpp">
      <Filter>iutest\internal</Filter>
    </ClInclude>
    <ClInclude Include="..\..\include\listener\iutest_default_printer.hpp">
      <Filter>iutest\listener</Filter>
    </ClInclude>
    <ClInclude Include="..\..\include\listener\iutest_default_xml_generator.hpp">
      <Filter>iutest\listener</Filter>
    </ClInclude>
    <ClInclude Include="..\..\include\listener\iutest_progress_printer.hpp">
      <Filter>iutest\listener</Filter>
    </ClInclude>
    <ClInclude Include="..\..\include\listener\iutest_tap_printer.hpp">
      <Filter>iutest\listener</Filter>
    </ClInclude>
    <ClInclude Include="..\..\include\gtest\iutest_assertion_only.hpp">
      <Filter>iutest\gtest</Filter>
    </ClInclude>
    <ClInclude Include="..\..\include\gtest\iutest_gtest_ver.hpp">
      <Filter>iutest\gtest</Filter>
    </ClInclude>
    <ClInclude Include="..\..\include\gtest\iutest_spi_switch.hpp">
      <Filter>iutest\gtest</Filter>
    </ClInclude>
    <ClInclude Include="..\..\include\gtest\iutest_switch.hpp">
      <Filter>iutest\gtest</Filter>
    </ClInclude>
    <ClInclude Include="..\..\include\gtest\switch\iutest_switch_assert.hpp">
      <Filter>iutest\gtest\switch</Filter>
    </ClInclude>
    <ClInclude Include="..\..\include\gtest\switch\iutest_switch_cmphelper.hpp">
      <Filter>iutest\gtest\switch</Filter>
    </ClInclude>
    <ClInclude Include="..\..\include\gtest\switch\iutest_switch_core.hpp">
      <Filter>iutest\gtest\switch</Filter>
    </ClInclude>
    <ClInclude Include="..\..\include\gtest\switch\iutest_switch_expect.hpp">
      <Filter>iutest\gtest\switch</Filter>
    </ClInclude>
    <ClInclude Include="..\..\include\gtest\switch\iutest_switch_inform.hpp">
      <Filter>iutest\gtest\switch</Filter>
    </ClInclude>
    <ClInclude Include="..\..\include\gtest\switch\iutest_switch_package.hpp">
      <Filter>iutest\gtest\switch</Filter>
    </ClInclude>
    <ClInclude Include="..\..\include\gtest\switch\iutest_switch_peep.hpp">
      <Filter>iutest\gtest\switch</Filter>
    </ClInclude>
    <ClInclude Include="..\..\include\gtest\switch\iutest_switch_pmz.hpp">
      <Filter>iutest\gtest\switch</Filter>
    </ClInclude>
    <ClInclude Include="..\..\include\gtest\switch\iutest_switch_port.hpp">
      <Filter>iutest\gtest\switch</Filter>
    </ClInclude>
    <ClInclude Include="..\..\include\gtest\switch\iutest_switch_skip.hpp">
      <Filter>iutest\gtest\switch</Filter>
    </ClInclude>
    <ClInclude Include="..\..\include\gtest\switch\iutest_switch_throw_value.hpp">
      <Filter>iutest\gtest\switch</Filter>
    </ClInclude>
    <ClInclude Include="..\..\include\util\iutest_util_assertion.hpp">
      <Filter>iutest\util</Filter>
    </ClInclude>
    <ClInclude Include="..\..\include\util\iutest_util_output.hpp">
      <Filter>iutest\util</Filter>
    </ClInclude>
    <ClInclude Include="..\..\include\util\iutest_util_quiet_result_printer.hpp">
      <Filter>iutest\util</Filter>
    </ClInclude>
    <ClInclude Include="..\..\include\util\iutest_util_tests.hpp">
      <Filter>iutest\util</Filter>
    </ClInclude>
    <ClInclude Include="..\..\include\gtest\switch\iutest_switch_no_failure.hpp">
      <Filter>iutest\gtest\switch</Filter>
    </ClInclude>
    <ClInclude Include="..\..\include\gtest\switch\iutest_switch_pred.hpp">
      <Filter>iutest\gtest\switch</Filter>
    </ClInclude>
    <ClInclude Include="..\..\include\gtest\switch\iutest_switch_filepath.hpp">
      <Filter>iutest\gtest\switch</Filter>
    </ClInclude>
    <ClInclude Include="..\..\include\iutest_ignore.hpp">
      <Filter>iutest</Filter>
    </ClInclude>
    <ClInclude Include="..\..\include\internal\iutest_socket.hpp">
      <Filter>iutest\internal</Filter>
    </ClInclude>
    <ClInclude Include="..\..\include\listener\iutest_streaming_listener.hpp">
      <Filter>iutest\listener</Filter>
    </ClInclude>
    <ClInclude Include="..\..\include\gtest\switch\iutest_switch_assertion_return.hpp">
      <Filter>iutest\gtest\switch</Filter>
    </ClInclude>
    <ClInclude Include="..\..\include\listener\iutest_sstp_notifier.hpp">
      <Filter>iutest\listener</Filter>
    </ClInclude>
    <ClInclude Include="..\..\include\gtest\switch\iutest_switch_assume.hpp">
      <Filter>iutest\gtest\switch</Filter>
    </ClInclude>
    <ClInclude Include="..\..\include\iutest_any.hpp">
      <Filter>iutest</Filter>
    </ClInclude>
    <ClInclude Include="..\..\include\util\iutest_util_menu.hpp">
      <Filter>iutest\util</Filter>
    </ClInclude>
    <ClInclude Include="..\..\include\internal\iutest_log_stream.hpp">
      <Filter>iutest\internal</Filter>
    </ClInclude>
    <ClInclude Include="..\..\include\iutest_expression_assertion.hpp">
      <Filter>iutest</Filter>
    </ClInclude>
    <ClInclude Include="..\..\include\iutest_matcher.hpp">
      <Filter>iutest</Filter>
    </ClInclude>
    <ClInclude Include="..\..\include\internal\iutest_default_main.hpp">
      <Filter>iutest\internal</Filter>
    </ClInclude>
    <ClInclude Include="..\..\include\listener\iutest_junit_xml_generator.hpp">
      <Filter>iutest\listener</Filter>
    </ClInclude>
    <ClInclude Include="..\..\include\gtest\switch\iutest_switch_gmock.hpp">
      <Filter>iutest\gtest\switch</Filter>
    </ClInclude>
    <ClInclude Include="..\..\include\gtest\iutest_gmock_ver.hpp">
      <Filter>iutest\gtest</Filter>
    </ClInclude>
    <ClInclude Include="..\..\include\util\iutest_util_no_yoda.hpp">
      <Filter>iutest\util</Filter>
    </ClInclude>
    <ClInclude Include="..\..\include\internal\iutest_mfc.hpp">
      <Filter>iutest\internal</Filter>
    </ClInclude>
    <ClInclude Include="..\..\include\util\iutest_util_vc_unittest.hpp">
      <Filter>iutest\util</Filter>
    </ClInclude>
    <ClInclude Include="..\..\include\internal\iutest_genparams_from_file.hpp">
      <Filter>iutest\internal</Filter>
    </ClInclude>
    <ClInclude Include="..\..\include\listener\iutest_stderr_xml_generator.hpp">
      <Filter>iutest\listener</Filter>
    </ClInclude>
    <ClInclude Include="..\..\include\gtest\iutest_switch_for_gtest.hpp">
      <Filter>iutest\gtest</Filter>
    </ClInclude>
    <ClInclude Include="..\..\include\gtest\iutest_switch_for_iutest.hpp">
      <Filter>iutest\gtest</Filter>
    </ClInclude>
  </ItemGroup>
  <ItemGroup>
    <None Include="..\..\include\impl\iutest_body.ipp">
      <Filter>iutest\impl</Filter>
    </None>
    <None Include="..\..\include\impl\iutest_suite.ipp">
      <Filter>iutest\impl</Filter>
    </None>
    <None Include="..\..\include\impl\iutest_core.ipp">
      <Filter>iutest\impl</Filter>
    </None>
    <None Include="..\..\include\impl\iutest_core_impl.ipp">
      <Filter>iutest\impl</Filter>
    </None>
    <None Include="..\..\include\impl\iutest_default_printer.ipp">
      <Filter>iutest\impl</Filter>
    </None>
    <None Include="..\..\include\impl\iutest_default_xml_generator.ipp">
      <Filter>iutest\impl</Filter>
    </None>
    <None Include="..\..\include\impl\iutest_env.ipp">
      <Filter>iutest\impl</Filter>
    </None>
    <None Include="..\..\include\impl\iutest_info.ipp">
      <Filter>iutest\impl</Filter>
    </None>
    <None Include="..\..\include\impl\iutest_listener.ipp">
      <Filter>iutest\impl</Filter>
    </None>
    <None Include="..\..\include\impl\iutest_regex.ipp">
      <Filter>iutest\impl</Filter>
    </None>
    <None Include="..\..\include\impl\iutest_filepath.ipp">
      <Filter>iutest\impl</Filter>
    </None>
    <None Include="..\..\include\impl\iutest_message.ipp">
      <Filter>iutest\impl</Filter>
    </None>
    <None Include="..\..\include\impl\iutest_port.ipp">
      <Filter>iutest\impl</Filter>
    </None>
    <None Include="..\..\include\impl\iutest_debug.ipp">
      <Filter>iutest\impl</Filter>
    </None>
    <None Include="..\..\include\impl\iutest_streaming_listener.ipp">
      <Filter>iutest\impl</Filter>
    </None>
    <None Include="..\..\include\impl\iutest_time.ipp">
      <Filter>iutest\impl</Filter>
    </None>
    <None Include="..\..\include\impl\iutest_charcode.ipp">
      <Filter>iutest\impl</Filter>
    </None>
    <None Include="..\..\include\impl\iutest_junit_xml_generator.ipp">
      <Filter>iutest\impl</Filter>
    </None>
    <None Include="..\..\docs\Doxyfile">
      <Filter>doxygen</Filter>
    </None>
    <None Include="..\..\docs\index.html">
      <Filter>doxygen</Filter>
    </None>
  </ItemGroup>
</Project>
